// !$*UTF8*$!
{
	archiveVersion = 1;
	classes = {
	};
	objectVersion = 51;
	objects = {

/* Begin PBXBuildFile section */
		8400592224F35E95002C1542 /* LXDBTool.m in Sources */ = {isa = PBXBuildFile; fileRef = 8400592124F35E95002C1542 /* LXDBTool.m */; };
		8400592524F393D1002C1542 /* LXHomeViewModel.m in Sources */ = {isa = PBXBuildFile; fileRef = 8400592424F393D1002C1542 /* LXHomeViewModel.m */; };
		8402F27C24A1F8770039A255 /* LXPeripheral.m in Sources */ = {isa = PBXBuildFile; fileRef = 8402F27B24A1F8770039A255 /* LXPeripheral.m */; };
		8402F28224A20BC00039A255 /* LXRegisterViewController.m in Sources */ = {isa = PBXBuildFile; fileRef = 8402F28124A20BC00039A255 /* LXRegisterViewController.m */; };
		8402F28524A20EE90039A255 /* LXInputView.m in Sources */ = {isa = PBXBuildFile; fileRef = 8402F28424A20EE90039A255 /* LXInputView.m */; };
		8402F28824A32B760039A255 /* LXRegisterViewModel.m in Sources */ = {isa = PBXBuildFile; fileRef = 8402F28724A32B760039A255 /* LXRegisterViewModel.m */; };
		8402F28B24A3347D0039A255 /* LXUserRegisterModel.m in Sources */ = {isa = PBXBuildFile; fileRef = 8402F28A24A3347D0039A255 /* LXUserRegisterModel.m */; };
		8402F28E24A365D60039A255 /* NSDictionary+Log.m in Sources */ = {isa = PBXBuildFile; fileRef = 8402F28D24A365D60039A255 /* NSDictionary+Log.m */; };
		8402F29124A366040039A255 /* NSArray+Log.m in Sources */ = {isa = PBXBuildFile; fileRef = 8402F29024A366030039A255 /* NSArray+Log.m */; };
		8402F29524A36AAB0039A255 /* PrintBeautifulLog.m in Sources */ = {isa = PBXBuildFile; fileRef = 8402F29424A36AAB0039A255 /* PrintBeautifulLog.m */; };
		8402F29824A9E5120039A255 /* LXFindPwdViewController.m in Sources */ = {isa = PBXBuildFile; fileRef = 8402F29724A9E5110039A255 /* LXFindPwdViewController.m */; };
		8402F2FC24AB11E50039A255 /* LXTostHUD.m in Sources */ = {isa = PBXBuildFile; fileRef = 8402F2FB24AB11E50039A255 /* LXTostHUD.m */; };
		8402F30E24AB2E4E0039A255 /* LXShowDetailViewModel.m in Sources */ = {isa = PBXBuildFile; fileRef = 8402F30D24AB2E4E0039A255 /* LXShowDetailViewModel.m */; };
		8451FA4124D950720003810D /* LXURLHandler.m in Sources */ = {isa = PBXBuildFile; fileRef = 8451FA4024D950720003810D /* LXURLHandler.m */; };
		8451FA4424D9522B0003810D /* LXAPI.m in Sources */ = {isa = PBXBuildFile; fileRef = 8451FA4324D9522B0003810D /* LXAPI.m */; };
		846B1B7E24AB35D40002C8B8 /* LXUserTokenModel.m in Sources */ = {isa = PBXBuildFile; fileRef = 846B1B7D24AB35D40002C8B8 /* LXUserTokenModel.m */; };
		846B1B8124AB5B460002C8B8 /* LXTemperatureModel.m in Sources */ = {isa = PBXBuildFile; fileRef = 846B1B8024AB5B460002C8B8 /* LXTemperatureModel.m */; };
		846B1B8424AC28E90002C8B8 /* LXLoopTemperatureViewController.m in Sources */ = {isa = PBXBuildFile; fileRef = 846B1B8324AC28E80002C8B8 /* LXLoopTemperatureViewController.m */; };
		846B1B8724AC876E0002C8B8 /* NSDate+SQAdd.m in Sources */ = {isa = PBXBuildFile; fileRef = 846B1B8524AC876E0002C8B8 /* NSDate+SQAdd.m */; };
		846B1B8A24AC90D60002C8B8 /* LXLoopTemperatureViewModel.m in Sources */ = {isa = PBXBuildFile; fileRef = 846B1B8924AC90D60002C8B8 /* LXLoopTemperatureViewModel.m */; };
		846B1B8D24ADB6040002C8B8 /* LXHistoryTemperatureViewController.m in Sources */ = {isa = PBXBuildFile; fileRef = 846B1B8C24ADB6030002C8B8 /* LXHistoryTemperatureViewController.m */; };
		846B1B9024ADD82A0002C8B8 /* LXHistoryTemperatureViewModel.m in Sources */ = {isa = PBXBuildFile; fileRef = 846B1B8F24ADD82A0002C8B8 /* LXHistoryTemperatureViewModel.m */; };
		846B1B9324ADDF7D0002C8B8 /* LXHistoryTemperatureModel.m in Sources */ = {isa = PBXBuildFile; fileRef = 846B1B9224ADDF7D0002C8B8 /* LXHistoryTemperatureModel.m */; };
		846B1B9624ADE50A0002C8B8 /* LXHistoryTemperatureTableViewCell.m in Sources */ = {isa = PBXBuildFile; fileRef = 846B1B9524ADE50A0002C8B8 /* LXHistoryTemperatureTableViewCell.m */; };
		846B1B9924B2D1D70002C8B8 /* LXFindPwdViewModel.m in Sources */ = {isa = PBXBuildFile; fileRef = 846B1B9824B2D1D60002C8B8 /* LXFindPwdViewModel.m */; };
		8494AD5824FCEC0F0024A46A /* LXGroupListViewController.m in Sources */ = {isa = PBXBuildFile; fileRef = 8494AD5724FCEC0F0024A46A /* LXGroupListViewController.m */; };
		8494AD5B24FCF6490024A46A /* LXGroupListViewModel.m in Sources */ = {isa = PBXBuildFile; fileRef = 8494AD5A24FCF6490024A46A /* LXGroupListViewModel.m */; };
		8494AD5E24FCF9780024A46A /* LXGroupItemModel.m in Sources */ = {isa = PBXBuildFile; fileRef = 8494AD5D24FCF9780024A46A /* LXGroupItemModel.m */; };
		8494AD6124FCFD6B0024A46A /* LXGroupItemTableViewCell.m in Sources */ = {isa = PBXBuildFile; fileRef = 8494AD6024FCFD6B0024A46A /* LXGroupItemTableViewCell.m */; };
		84AFA78F24A0A9DB00EB57FB /* LXHttpRequest.m in Sources */ = {isa = PBXBuildFile; fileRef = 84AFA78E24A0A9DB00EB57FB /* LXHttpRequest.m */; };
		84AFA79224A0AC7600EB57FB /* LXLoginViewController.m in Sources */ = {isa = PBXBuildFile; fileRef = 84AFA79124A0AC7600EB57FB /* LXLoginViewController.m */; };
		84AFA79B24A0AD9D00EB57FB /* LXLoginViewModel.m in Sources */ = {isa = PBXBuildFile; fileRef = 84AFA79A24A0AD9D00EB57FB /* LXLoginViewModel.m */; };
		84AFA79E24A0AE0600EB57FB /* LXLoginDataService.m in Sources */ = {isa = PBXBuildFile; fileRef = 84AFA79D24A0AE0600EB57FB /* LXLoginDataService.m */; };
		84DDC1CA24B31BC9004F5C57 /* LXSettingViewController.m in Sources */ = {isa = PBXBuildFile; fileRef = 84DDC1C924B31BC9004F5C57 /* LXSettingViewController.m */; };
		84DDC1CD24B3283A004F5C57 /* LXSettingItemModel.m in Sources */ = {isa = PBXBuildFile; fileRef = 84DDC1CC24B3283A004F5C57 /* LXSettingItemModel.m */; };
		84DDC1D124B34EEE004F5C57 /* LXSettingItemTableViewCell.m in Sources */ = {isa = PBXBuildFile; fileRef = 84DDC1D024B34EEE004F5C57 /* LXSettingItemTableViewCell.m */; };
		84DDC1D424B41AF4004F5C57 /* LXUpdateUserNameViewController.m in Sources */ = {isa = PBXBuildFile; fileRef = 84DDC1D324B41AF3004F5C57 /* LXUpdateUserNameViewController.m */; };
		84DDC1D724B41B41004F5C57 /* LXUpdateUserNameViewModel.m in Sources */ = {isa = PBXBuildFile; fileRef = 84DDC1D624B41B41004F5C57 /* LXUpdateUserNameViewModel.m */; };
		84DDC1DA24B46693004F5C57 /* LXBaseViewController.m in Sources */ = {isa = PBXBuildFile; fileRef = 84DDC1D924B46693004F5C57 /* LXBaseViewController.m */; };
		84DDC1DD24B48592004F5C57 /* LXAddGroupViewController.m in Sources */ = {isa = PBXBuildFile; fileRef = 84DDC1DC24B48592004F5C57 /* LXAddGroupViewController.m */; };
		84DDC1E024B48B86004F5C57 /* LXAddGroupViewModel.m in Sources */ = {isa = PBXBuildFile; fileRef = 84DDC1DF24B48B86004F5C57 /* LXAddGroupViewModel.m */; };
		84DDC1E324B490A5004F5C57 /* LXDeviceListViewController.m in Sources */ = {isa = PBXBuildFile; fileRef = 84DDC1E224B490A5004F5C57 /* LXDeviceListViewController.m */; };
		84DDC1E624B4917D004F5C57 /* LXDeviceListViewModel.m in Sources */ = {isa = PBXBuildFile; fileRef = 84DDC1E524B4917D004F5C57 /* LXDeviceListViewModel.m */; };
		84DDC1E924B497F6004F5C57 /* LXDeviceModel.m in Sources */ = {isa = PBXBuildFile; fileRef = 84DDC1E824B497F6004F5C57 /* LXDeviceModel.m */; };
		84DDC1EC24B4A413004F5C57 /* LXDeviceListTableViewCell.m in Sources */ = {isa = PBXBuildFile; fileRef = 84DDC1EB24B4A413004F5C57 /* LXDeviceListTableViewCell.m */; };
		84DDC1EF24B5C262004F5C57 /* LXWelcomeViewController.m in Sources */ = {isa = PBXBuildFile; fileRef = 84DDC1EE24B5C262004F5C57 /* LXWelcomeViewController.m */; };
		84DDC23324B803F5004F5C57 /* UIScreen+SQAdd.m in Sources */ = {isa = PBXBuildFile; fileRef = 84DDC1FC24B803F5004F5C57 /* UIScreen+SQAdd.m */; };
		84DDC23424B803F5004F5C57 /* UIApplication+SQAdd.m in Sources */ = {isa = PBXBuildFile; fileRef = 84DDC20024B803F5004F5C57 /* UIApplication+SQAdd.m */; };
		84DDC23524B803F5004F5C57 /* UIDevice+SQAdd.m in Sources */ = {isa = PBXBuildFile; fileRef = 84DDC20124B803F5004F5C57 /* UIDevice+SQAdd.m */; };
		84DDC23624B803F5004F5C57 /* UIGestureRecognizer+SQAdd.m in Sources */ = {isa = PBXBuildFile; fileRef = 84DDC20224B803F5004F5C57 /* UIGestureRecognizer+SQAdd.m */; };
		84DDC23724B803F5004F5C57 /* UIView+SQAdd.m in Sources */ = {isa = PBXBuildFile; fileRef = 84DDC20324B803F5004F5C57 /* UIView+SQAdd.m */; };
		84DDC23824B803F5004F5C57 /* UITextField+SQAdd.m in Sources */ = {isa = PBXBuildFile; fileRef = 84DDC20524B803F5004F5C57 /* UITextField+SQAdd.m */; };
		84DDC23924B803F5004F5C57 /* UIColor+SQAdd.m in Sources */ = {isa = PBXBuildFile; fileRef = 84DDC20624B803F5004F5C57 /* UIColor+SQAdd.m */; };
		84DDC23A24B803F5004F5C57 /* UIControl+SQAdd.m in Sources */ = {isa = PBXBuildFile; fileRef = 84DDC20924B803F5004F5C57 /* UIControl+SQAdd.m */; };
		84DDC23B24B803F5004F5C57 /* UIViewController+SQAdd.m in Sources */ = {isa = PBXBuildFile; fileRef = 84DDC20A24B803F5004F5C57 /* UIViewController+SQAdd.m */; };
		84DDC23C24B803F5004F5C57 /* UITableViewCell+SQAdd.m in Sources */ = {isa = PBXBuildFile; fileRef = 84DDC20B24B803F5004F5C57 /* UITableViewCell+SQAdd.m */; };
		84DDC23D24B803F5004F5C57 /* UIImage+SQAdd.m in Sources */ = {isa = PBXBuildFile; fileRef = 84DDC20D24B803F5004F5C57 /* UIImage+SQAdd.m */; };
		84DDC23E24B803F5004F5C57 /* UIFont+SQAdd.m in Sources */ = {isa = PBXBuildFile; fileRef = 84DDC20E24B803F5004F5C57 /* UIFont+SQAdd.m */; };
		84DDC23F24B803F5004F5C57 /* NSObject+SQAdd.m in Sources */ = {isa = PBXBuildFile; fileRef = 84DDC21524B803F5004F5C57 /* NSObject+SQAdd.m */; };
		84DDC24024B803F5004F5C57 /* NSBundle+SQAdd.m in Sources */ = {isa = PBXBuildFile; fileRef = 84DDC21624B803F5004F5C57 /* NSBundle+SQAdd.m */; };
		84DDC24124B803F5004F5C57 /* NSThread+SQAdd.m in Sources */ = {isa = PBXBuildFile; fileRef = 84DDC21824B803F5004F5C57 /* NSThread+SQAdd.m */; settings = {COMPILER_FLAGS = "-fno-objc-arc"; }; };
		84DDC24224B803F5004F5C57 /* NSKeyedUnarchiver+SQAdd.m in Sources */ = {isa = PBXBuildFile; fileRef = 84DDC21A24B803F5004F5C57 /* NSKeyedUnarchiver+SQAdd.m */; };
		84DDC24324B803F5004F5C57 /* NSData+SQAdd.m in Sources */ = {isa = PBXBuildFile; fileRef = 84DDC21B24B803F5004F5C57 /* NSData+SQAdd.m */; };
		84DDC24424B803F5004F5C57 /* NSArray+SQAdd.m in Sources */ = {isa = PBXBuildFile; fileRef = 84DDC21D24B803F5004F5C57 /* NSArray+SQAdd.m */; };
		84DDC24524B803F5004F5C57 /* NSNumber+SQAdd.m in Sources */ = {isa = PBXBuildFile; fileRef = 84DDC21E24B803F5004F5C57 /* NSNumber+SQAdd.m */; };
		84DDC24624B803F5004F5C57 /* NSNotificationCenter+SQAdd.m in Sources */ = {isa = PBXBuildFile; fileRef = 84DDC22024B803F5004F5C57 /* NSNotificationCenter+SQAdd.m */; };
		84DDC24724B803F5004F5C57 /* NSString+SQAdd.m in Sources */ = {isa = PBXBuildFile; fileRef = 84DDC22224B803F5004F5C57 /* NSString+SQAdd.m */; };
		84DDC24824B803F5004F5C57 /* NSDictionary+SQAdd.m in Sources */ = {isa = PBXBuildFile; fileRef = 84DDC22624B803F5004F5C57 /* NSDictionary+SQAdd.m */; };
		84DDC24924B803F5004F5C57 /* NSTimer+SQAdd.m in Sources */ = {isa = PBXBuildFile; fileRef = 84DDC22A24B803F5004F5C57 /* NSTimer+SQAdd.m */; };
		84DDC24A24B803F5004F5C57 /* NSDate+SQAdd.m in Sources */ = {isa = PBXBuildFile; fileRef = 84DDC22B24B803F5004F5C57 /* NSDate+SQAdd.m */; };
		84DDC24B24B803F5004F5C57 /* CALayer+SQAdd.m in Sources */ = {isa = PBXBuildFile; fileRef = 84DDC22F24B803F5004F5C57 /* CALayer+SQAdd.m */; };
		84DDC24C24B803F5004F5C57 /* SQCGUtilities.m in Sources */ = {isa = PBXBuildFile; fileRef = 84DDC23024B803F5004F5C57 /* SQCGUtilities.m */; };
		84E6108224921AEC0019B6BA /* AppDelegate.m in Sources */ = {isa = PBXBuildFile; fileRef = 84E6108124921AEC0019B6BA /* AppDelegate.m */; };
		84E6108D24921AF20019B6BA /* Assets.xcassets in Resources */ = {isa = PBXBuildFile; fileRef = 84E6108C24921AF20019B6BA /* Assets.xcassets */; };
		84E6109324921AF20019B6BA /* main.m in Sources */ = {isa = PBXBuildFile; fileRef = 84E6109224921AF20019B6BA /* main.m */; };
		84E610C0249227F00019B6BA /* LXHomeViewController.m in Sources */ = {isa = PBXBuildFile; fileRef = 84E610BF249227F00019B6BA /* LXHomeViewController.m */; };
		84E612042493199F0019B6BA /* LXConstant.m in Sources */ = {isa = PBXBuildFile; fileRef = 84E612032493199F0019B6BA /* LXConstant.m */; };
		84E6120824931CA00019B6BA /* LXBluetoothManager.m in Sources */ = {isa = PBXBuildFile; fileRef = 84E6120724931CA00019B6BA /* LXBluetoothManager.m */; };
		84E6120F24934DD80019B6BA /* LXPeripheralListView.m in Sources */ = {isa = PBXBuildFile; fileRef = 84E6120E24934DD80019B6BA /* LXPeripheralListView.m */; };
		84E6121624935DF60019B6BA /* LXPeripheralCollectionViewCell.m in Sources */ = {isa = PBXBuildFile; fileRef = 84E6121524935DF60019B6BA /* LXPeripheralCollectionViewCell.m */; };
		84E6121C2497771C0019B6BA /* LXShowDetailViewController.m in Sources */ = {isa = PBXBuildFile; fileRef = 84E6121B2497771C0019B6BA /* LXShowDetailViewController.m */; };
		84E6121E24978E940019B6BA /* load.gif in Resources */ = {isa = PBXBuildFile; fileRef = 84E6121D24978E940019B6BA /* load.gif */; };
		84E612212498BB1D0019B6BA /* Tool.m in Sources */ = {isa = PBXBuildFile; fileRef = 84E612202498BB1C0019B6BA /* Tool.m */; };
		84E612242498F4570019B6BA /* LXSetAlarmViewController.m in Sources */ = {isa = PBXBuildFile; fileRef = 84E612232498F4560019B6BA /* LXSetAlarmViewController.m */; };
		84E61261249A47DB0019B6BA /* LXCacheManager.m in Sources */ = {isa = PBXBuildFile; fileRef = 84E61260249A47DA0019B6BA /* LXCacheManager.m */; };
		84E61263249B465A0019B6BA /* alarm_d_d.mp3 in Resources */ = {isa = PBXBuildFile; fileRef = 84E61262249B46590019B6BA /* alarm_d_d.mp3 */; };
		84E6126A249B82E30019B6BA /* LoadingHUDManager.m in Sources */ = {isa = PBXBuildFile; fileRef = 84E61267249B82E30019B6BA /* LoadingHUDManager.m */; };
		84F8516424BEA3BE006AC50A /* Localizable.strings in Resources */ = {isa = PBXBuildFile; fileRef = 84F8515E24BEA3BE006AC50A /* Localizable.strings */; };
		84F8516524BEA3BE006AC50A /* InfoPlist.strings in Resources */ = {isa = PBXBuildFile; fileRef = 84F8516024BEA3BE006AC50A /* InfoPlist.strings */; };
		84F8516924BEA5DA006AC50A /* LXLocalizationServiceModule.m in Sources */ = {isa = PBXBuildFile; fileRef = 84F8516824BEA5DA006AC50A /* LXLocalizationServiceModule.m */; };
		97A232560325C2D0BBA4FF5C /* libPods-TemperatureProject.a in Frameworks */ = {isa = PBXBuildFile; fileRef = 425AF8C8F268A312023961ED /* libPods-TemperatureProject.a */; };
/* End PBXBuildFile section */

/* Begin PBXFileReference section */
		425AF8C8F268A312023961ED /* libPods-TemperatureProject.a */ = {isa = PBXFileReference; explicitFileType = archive.ar; includeInIndex = 0; path = "libPods-TemperatureProject.a"; sourceTree = BUILT_PRODUCTS_DIR; };
		582345F093EB901C6CBF0236 /* Pods-TemperatureProject.release.xcconfig */ = {isa = PBXFileReference; includeInIndex = 1; lastKnownFileType = text.xcconfig; name = "Pods-TemperatureProject.release.xcconfig"; path = "Target Support Files/Pods-TemperatureProject/Pods-TemperatureProject.release.xcconfig"; sourceTree = "<group>"; };
		8400592024F35E95002C1542 /* LXDBTool.h */ = {isa = PBXFileReference; lastKnownFileType = sourcecode.c.h; path = LXDBTool.h; sourceTree = "<group>"; };
		8400592124F35E95002C1542 /* LXDBTool.m */ = {isa = PBXFileReference; lastKnownFileType = sourcecode.c.objc; path = LXDBTool.m; sourceTree = "<group>"; };
		8400592324F393D1002C1542 /* LXHomeViewModel.h */ = {isa = PBXFileReference; lastKnownFileType = sourcecode.c.h; path = LXHomeViewModel.h; sourceTree = "<group>"; };
		8400592424F393D1002C1542 /* LXHomeViewModel.m */ = {isa = PBXFileReference; lastKnownFileType = sourcecode.c.objc; path = LXHomeViewModel.m; sourceTree = "<group>"; };
		8402F27A24A1F8770039A255 /* LXPeripheral.h */ = {isa = PBXFileReference; lastKnownFileType = sourcecode.c.h; path = LXPeripheral.h; sourceTree = "<group>"; };
		8402F27B24A1F8770039A255 /* LXPeripheral.m */ = {isa = PBXFileReference; lastKnownFileType = sourcecode.c.objc; path = LXPeripheral.m; sourceTree = "<group>"; };
		8402F28024A20BC00039A255 /* LXRegisterViewController.h */ = {isa = PBXFileReference; lastKnownFileType = sourcecode.c.h; path = LXRegisterViewController.h; sourceTree = "<group>"; };
		8402F28124A20BC00039A255 /* LXRegisterViewController.m */ = {isa = PBXFileReference; lastKnownFileType = sourcecode.c.objc; path = LXRegisterViewController.m; sourceTree = "<group>"; };
		8402F28324A20EE90039A255 /* LXInputView.h */ = {isa = PBXFileReference; lastKnownFileType = sourcecode.c.h; path = LXInputView.h; sourceTree = "<group>"; };
		8402F28424A20EE90039A255 /* LXInputView.m */ = {isa = PBXFileReference; lastKnownFileType = sourcecode.c.objc; path = LXInputView.m; sourceTree = "<group>"; };
		8402F28624A32B760039A255 /* LXRegisterViewModel.h */ = {isa = PBXFileReference; lastKnownFileType = sourcecode.c.h; path = LXRegisterViewModel.h; sourceTree = "<group>"; };
		8402F28724A32B760039A255 /* LXRegisterViewModel.m */ = {isa = PBXFileReference; lastKnownFileType = sourcecode.c.objc; path = LXRegisterViewModel.m; sourceTree = "<group>"; };
		8402F28924A3347D0039A255 /* LXUserRegisterModel.h */ = {isa = PBXFileReference; lastKnownFileType = sourcecode.c.h; path = LXUserRegisterModel.h; sourceTree = "<group>"; };
		8402F28A24A3347D0039A255 /* LXUserRegisterModel.m */ = {isa = PBXFileReference; lastKnownFileType = sourcecode.c.objc; path = LXUserRegisterModel.m; sourceTree = "<group>"; };
		8402F28C24A365D60039A255 /* NSDictionary+Log.h */ = {isa = PBXFileReference; lastKnownFileType = sourcecode.c.h; path = "NSDictionary+Log.h"; sourceTree = "<group>"; };
		8402F28D24A365D60039A255 /* NSDictionary+Log.m */ = {isa = PBXFileReference; lastKnownFileType = sourcecode.c.objc; path = "NSDictionary+Log.m"; sourceTree = "<group>"; };
		8402F28F24A366030039A255 /* NSArray+Log.h */ = {isa = PBXFileReference; lastKnownFileType = sourcecode.c.h; path = "NSArray+Log.h"; sourceTree = "<group>"; };
		8402F29024A366030039A255 /* NSArray+Log.m */ = {isa = PBXFileReference; lastKnownFileType = sourcecode.c.objc; path = "NSArray+Log.m"; sourceTree = "<group>"; };
		8402F29324A36AAB0039A255 /* PrintBeautifulLog.h */ = {isa = PBXFileReference; fileEncoding = 4; lastKnownFileType = sourcecode.c.h; path = PrintBeautifulLog.h; sourceTree = "<group>"; };
		8402F29424A36AAB0039A255 /* PrintBeautifulLog.m */ = {isa = PBXFileReference; fileEncoding = 4; lastKnownFileType = sourcecode.c.objc; path = PrintBeautifulLog.m; sourceTree = "<group>"; };
		8402F29624A9E5110039A255 /* LXFindPwdViewController.h */ = {isa = PBXFileReference; lastKnownFileType = sourcecode.c.h; path = LXFindPwdViewController.h; sourceTree = "<group>"; };
		8402F29724A9E5110039A255 /* LXFindPwdViewController.m */ = {isa = PBXFileReference; lastKnownFileType = sourcecode.c.objc; path = LXFindPwdViewController.m; sourceTree = "<group>"; };
		8402F2FA24AB11E50039A255 /* LXTostHUD.h */ = {isa = PBXFileReference; lastKnownFileType = sourcecode.c.h; path = LXTostHUD.h; sourceTree = "<group>"; };
		8402F2FB24AB11E50039A255 /* LXTostHUD.m */ = {isa = PBXFileReference; lastKnownFileType = sourcecode.c.objc; path = LXTostHUD.m; sourceTree = "<group>"; };
		8402F30C24AB2E4E0039A255 /* LXShowDetailViewModel.h */ = {isa = PBXFileReference; lastKnownFileType = sourcecode.c.h; path = LXShowDetailViewModel.h; sourceTree = "<group>"; };
		8402F30D24AB2E4E0039A255 /* LXShowDetailViewModel.m */ = {isa = PBXFileReference; lastKnownFileType = sourcecode.c.objc; path = LXShowDetailViewModel.m; sourceTree = "<group>"; };
		8451FA3F24D950720003810D /* LXURLHandler.h */ = {isa = PBXFileReference; lastKnownFileType = sourcecode.c.h; path = LXURLHandler.h; sourceTree = "<group>"; };
		8451FA4024D950720003810D /* LXURLHandler.m */ = {isa = PBXFileReference; lastKnownFileType = sourcecode.c.objc; path = LXURLHandler.m; sourceTree = "<group>"; };
		8451FA4224D9522B0003810D /* LXAPI.h */ = {isa = PBXFileReference; lastKnownFileType = sourcecode.c.h; path = LXAPI.h; sourceTree = "<group>"; };
		8451FA4324D9522B0003810D /* LXAPI.m */ = {isa = PBXFileReference; lastKnownFileType = sourcecode.c.objc; path = LXAPI.m; sourceTree = "<group>"; };
		846B1B7C24AB35D40002C8B8 /* LXUserTokenModel.h */ = {isa = PBXFileReference; lastKnownFileType = sourcecode.c.h; path = LXUserTokenModel.h; sourceTree = "<group>"; };
		846B1B7D24AB35D40002C8B8 /* LXUserTokenModel.m */ = {isa = PBXFileReference; lastKnownFileType = sourcecode.c.objc; path = LXUserTokenModel.m; sourceTree = "<group>"; };
		846B1B7F24AB5B460002C8B8 /* LXTemperatureModel.h */ = {isa = PBXFileReference; lastKnownFileType = sourcecode.c.h; path = LXTemperatureModel.h; sourceTree = "<group>"; };
		846B1B8024AB5B460002C8B8 /* LXTemperatureModel.m */ = {isa = PBXFileReference; lastKnownFileType = sourcecode.c.objc; path = LXTemperatureModel.m; sourceTree = "<group>"; };
		846B1B8224AC28E80002C8B8 /* LXLoopTemperatureViewController.h */ = {isa = PBXFileReference; fileEncoding = 4; lastKnownFileType = sourcecode.c.h; path = LXLoopTemperatureViewController.h; sourceTree = "<group>"; };
		846B1B8324AC28E80002C8B8 /* LXLoopTemperatureViewController.m */ = {isa = PBXFileReference; fileEncoding = 4; lastKnownFileType = sourcecode.c.objc; path = LXLoopTemperatureViewController.m; sourceTree = "<group>"; };
		846B1B8524AC876E0002C8B8 /* NSDate+SQAdd.m */ = {isa = PBXFileReference; fileEncoding = 4; lastKnownFileType = sourcecode.c.objc; path = "NSDate+SQAdd.m"; sourceTree = "<group>"; };
		846B1B8624AC876E0002C8B8 /* NSDate+SQAdd.h */ = {isa = PBXFileReference; fileEncoding = 4; lastKnownFileType = sourcecode.c.h; path = "NSDate+SQAdd.h"; sourceTree = "<group>"; };
		846B1B8824AC90D60002C8B8 /* LXLoopTemperatureViewModel.h */ = {isa = PBXFileReference; lastKnownFileType = sourcecode.c.h; path = LXLoopTemperatureViewModel.h; sourceTree = "<group>"; };
		846B1B8924AC90D60002C8B8 /* LXLoopTemperatureViewModel.m */ = {isa = PBXFileReference; lastKnownFileType = sourcecode.c.objc; path = LXLoopTemperatureViewModel.m; sourceTree = "<group>"; };
		846B1B8B24ADB6030002C8B8 /* LXHistoryTemperatureViewController.h */ = {isa = PBXFileReference; lastKnownFileType = sourcecode.c.h; path = LXHistoryTemperatureViewController.h; sourceTree = "<group>"; };
		846B1B8C24ADB6030002C8B8 /* LXHistoryTemperatureViewController.m */ = {isa = PBXFileReference; lastKnownFileType = sourcecode.c.objc; path = LXHistoryTemperatureViewController.m; sourceTree = "<group>"; };
		846B1B8E24ADD82A0002C8B8 /* LXHistoryTemperatureViewModel.h */ = {isa = PBXFileReference; lastKnownFileType = sourcecode.c.h; path = LXHistoryTemperatureViewModel.h; sourceTree = "<group>"; };
		846B1B8F24ADD82A0002C8B8 /* LXHistoryTemperatureViewModel.m */ = {isa = PBXFileReference; lastKnownFileType = sourcecode.c.objc; path = LXHistoryTemperatureViewModel.m; sourceTree = "<group>"; };
		846B1B9124ADDF7D0002C8B8 /* LXHistoryTemperatureModel.h */ = {isa = PBXFileReference; lastKnownFileType = sourcecode.c.h; path = LXHistoryTemperatureModel.h; sourceTree = "<group>"; };
		846B1B9224ADDF7D0002C8B8 /* LXHistoryTemperatureModel.m */ = {isa = PBXFileReference; lastKnownFileType = sourcecode.c.objc; path = LXHistoryTemperatureModel.m; sourceTree = "<group>"; };
		846B1B9424ADE50A0002C8B8 /* LXHistoryTemperatureTableViewCell.h */ = {isa = PBXFileReference; lastKnownFileType = sourcecode.c.h; path = LXHistoryTemperatureTableViewCell.h; sourceTree = "<group>"; };
		846B1B9524ADE50A0002C8B8 /* LXHistoryTemperatureTableViewCell.m */ = {isa = PBXFileReference; lastKnownFileType = sourcecode.c.objc; path = LXHistoryTemperatureTableViewCell.m; sourceTree = "<group>"; };
		846B1B9724B2D1D60002C8B8 /* LXFindPwdViewModel.h */ = {isa = PBXFileReference; lastKnownFileType = sourcecode.c.h; path = LXFindPwdViewModel.h; sourceTree = "<group>"; };
		846B1B9824B2D1D60002C8B8 /* LXFindPwdViewModel.m */ = {isa = PBXFileReference; lastKnownFileType = sourcecode.c.objc; path = LXFindPwdViewModel.m; sourceTree = "<group>"; };
		8494AD5624FCEC0F0024A46A /* LXGroupListViewController.h */ = {isa = PBXFileReference; lastKnownFileType = sourcecode.c.h; path = LXGroupListViewController.h; sourceTree = "<group>"; };
		8494AD5724FCEC0F0024A46A /* LXGroupListViewController.m */ = {isa = PBXFileReference; lastKnownFileType = sourcecode.c.objc; path = LXGroupListViewController.m; sourceTree = "<group>"; };
		8494AD5924FCF6490024A46A /* LXGroupListViewModel.h */ = {isa = PBXFileReference; lastKnownFileType = sourcecode.c.h; path = LXGroupListViewModel.h; sourceTree = "<group>"; };
		8494AD5A24FCF6490024A46A /* LXGroupListViewModel.m */ = {isa = PBXFileReference; lastKnownFileType = sourcecode.c.objc; path = LXGroupListViewModel.m; sourceTree = "<group>"; };
		8494AD5C24FCF9780024A46A /* LXGroupItemModel.h */ = {isa = PBXFileReference; lastKnownFileType = sourcecode.c.h; path = LXGroupItemModel.h; sourceTree = "<group>"; };
		8494AD5D24FCF9780024A46A /* LXGroupItemModel.m */ = {isa = PBXFileReference; lastKnownFileType = sourcecode.c.objc; path = LXGroupItemModel.m; sourceTree = "<group>"; };
		8494AD5F24FCFD6B0024A46A /* LXGroupItemTableViewCell.h */ = {isa = PBXFileReference; lastKnownFileType = sourcecode.c.h; path = LXGroupItemTableViewCell.h; sourceTree = "<group>"; };
		8494AD6024FCFD6B0024A46A /* LXGroupItemTableViewCell.m */ = {isa = PBXFileReference; lastKnownFileType = sourcecode.c.objc; path = LXGroupItemTableViewCell.m; sourceTree = "<group>"; };
		84AFA78D24A0A9DB00EB57FB /* LXHttpRequest.h */ = {isa = PBXFileReference; lastKnownFileType = sourcecode.c.h; path = LXHttpRequest.h; sourceTree = "<group>"; };
		84AFA78E24A0A9DB00EB57FB /* LXHttpRequest.m */ = {isa = PBXFileReference; lastKnownFileType = sourcecode.c.objc; path = LXHttpRequest.m; sourceTree = "<group>"; };
		84AFA79024A0AC7600EB57FB /* LXLoginViewController.h */ = {isa = PBXFileReference; lastKnownFileType = sourcecode.c.h; path = LXLoginViewController.h; sourceTree = "<group>"; };
		84AFA79124A0AC7600EB57FB /* LXLoginViewController.m */ = {isa = PBXFileReference; lastKnownFileType = sourcecode.c.objc; path = LXLoginViewController.m; sourceTree = "<group>"; };
		84AFA79924A0AD9D00EB57FB /* LXLoginViewModel.h */ = {isa = PBXFileReference; lastKnownFileType = sourcecode.c.h; path = LXLoginViewModel.h; sourceTree = "<group>"; };
		84AFA79A24A0AD9D00EB57FB /* LXLoginViewModel.m */ = {isa = PBXFileReference; lastKnownFileType = sourcecode.c.objc; path = LXLoginViewModel.m; sourceTree = "<group>"; };
		84AFA79C24A0AE0600EB57FB /* LXLoginDataService.h */ = {isa = PBXFileReference; lastKnownFileType = sourcecode.c.h; path = LXLoginDataService.h; sourceTree = "<group>"; };
		84AFA79D24A0AE0600EB57FB /* LXLoginDataService.m */ = {isa = PBXFileReference; lastKnownFileType = sourcecode.c.objc; path = LXLoginDataService.m; sourceTree = "<group>"; };
		84DDC1C824B31BC9004F5C57 /* LXSettingViewController.h */ = {isa = PBXFileReference; lastKnownFileType = sourcecode.c.h; path = LXSettingViewController.h; sourceTree = "<group>"; };
		84DDC1C924B31BC9004F5C57 /* LXSettingViewController.m */ = {isa = PBXFileReference; lastKnownFileType = sourcecode.c.objc; path = LXSettingViewController.m; sourceTree = "<group>"; };
		84DDC1CB24B32839004F5C57 /* LXSettingItemModel.h */ = {isa = PBXFileReference; lastKnownFileType = sourcecode.c.h; path = LXSettingItemModel.h; sourceTree = "<group>"; };
		84DDC1CC24B3283A004F5C57 /* LXSettingItemModel.m */ = {isa = PBXFileReference; lastKnownFileType = sourcecode.c.objc; path = LXSettingItemModel.m; sourceTree = "<group>"; };
		84DDC1CE24B328FF004F5C57 /* LXEnum.h */ = {isa = PBXFileReference; lastKnownFileType = sourcecode.c.h; path = LXEnum.h; sourceTree = "<group>"; };
		84DDC1CF24B34EEE004F5C57 /* LXSettingItemTableViewCell.h */ = {isa = PBXFileReference; lastKnownFileType = sourcecode.c.h; path = LXSettingItemTableViewCell.h; sourceTree = "<group>"; };
		84DDC1D024B34EEE004F5C57 /* LXSettingItemTableViewCell.m */ = {isa = PBXFileReference; lastKnownFileType = sourcecode.c.objc; path = LXSettingItemTableViewCell.m; sourceTree = "<group>"; };
		84DDC1D224B41AF3004F5C57 /* LXUpdateUserNameViewController.h */ = {isa = PBXFileReference; lastKnownFileType = sourcecode.c.h; path = LXUpdateUserNameViewController.h; sourceTree = "<group>"; };
		84DDC1D324B41AF3004F5C57 /* LXUpdateUserNameViewController.m */ = {isa = PBXFileReference; lastKnownFileType = sourcecode.c.objc; path = LXUpdateUserNameViewController.m; sourceTree = "<group>"; };
		84DDC1D524B41B41004F5C57 /* LXUpdateUserNameViewModel.h */ = {isa = PBXFileReference; lastKnownFileType = sourcecode.c.h; path = LXUpdateUserNameViewModel.h; sourceTree = "<group>"; };
		84DDC1D624B41B41004F5C57 /* LXUpdateUserNameViewModel.m */ = {isa = PBXFileReference; lastKnownFileType = sourcecode.c.objc; path = LXUpdateUserNameViewModel.m; sourceTree = "<group>"; };
		84DDC1D824B46693004F5C57 /* LXBaseViewController.h */ = {isa = PBXFileReference; lastKnownFileType = sourcecode.c.h; path = LXBaseViewController.h; sourceTree = "<group>"; };
		84DDC1D924B46693004F5C57 /* LXBaseViewController.m */ = {isa = PBXFileReference; lastKnownFileType = sourcecode.c.objc; path = LXBaseViewController.m; sourceTree = "<group>"; };
		84DDC1DB24B48592004F5C57 /* LXAddGroupViewController.h */ = {isa = PBXFileReference; lastKnownFileType = sourcecode.c.h; path = LXAddGroupViewController.h; sourceTree = "<group>"; };
		84DDC1DC24B48592004F5C57 /* LXAddGroupViewController.m */ = {isa = PBXFileReference; lastKnownFileType = sourcecode.c.objc; path = LXAddGroupViewController.m; sourceTree = "<group>"; };
		84DDC1DE24B48B86004F5C57 /* LXAddGroupViewModel.h */ = {isa = PBXFileReference; lastKnownFileType = sourcecode.c.h; path = LXAddGroupViewModel.h; sourceTree = "<group>"; };
		84DDC1DF24B48B86004F5C57 /* LXAddGroupViewModel.m */ = {isa = PBXFileReference; lastKnownFileType = sourcecode.c.objc; path = LXAddGroupViewModel.m; sourceTree = "<group>"; };
		84DDC1E124B490A5004F5C57 /* LXDeviceListViewController.h */ = {isa = PBXFileReference; lastKnownFileType = sourcecode.c.h; path = LXDeviceListViewController.h; sourceTree = "<group>"; };
		84DDC1E224B490A5004F5C57 /* LXDeviceListViewController.m */ = {isa = PBXFileReference; lastKnownFileType = sourcecode.c.objc; path = LXDeviceListViewController.m; sourceTree = "<group>"; };
		84DDC1E424B4917D004F5C57 /* LXDeviceListViewModel.h */ = {isa = PBXFileReference; lastKnownFileType = sourcecode.c.h; path = LXDeviceListViewModel.h; sourceTree = "<group>"; };
		84DDC1E524B4917D004F5C57 /* LXDeviceListViewModel.m */ = {isa = PBXFileReference; lastKnownFileType = sourcecode.c.objc; path = LXDeviceListViewModel.m; sourceTree = "<group>"; };
		84DDC1E724B497F6004F5C57 /* LXDeviceModel.h */ = {isa = PBXFileReference; lastKnownFileType = sourcecode.c.h; path = LXDeviceModel.h; sourceTree = "<group>"; };
		84DDC1E824B497F6004F5C57 /* LXDeviceModel.m */ = {isa = PBXFileReference; lastKnownFileType = sourcecode.c.objc; path = LXDeviceModel.m; sourceTree = "<group>"; };
		84DDC1EA24B4A413004F5C57 /* LXDeviceListTableViewCell.h */ = {isa = PBXFileReference; lastKnownFileType = sourcecode.c.h; path = LXDeviceListTableViewCell.h; sourceTree = "<group>"; };
		84DDC1EB24B4A413004F5C57 /* LXDeviceListTableViewCell.m */ = {isa = PBXFileReference; lastKnownFileType = sourcecode.c.objc; path = LXDeviceListTableViewCell.m; sourceTree = "<group>"; };
		84DDC1ED24B5C262004F5C57 /* LXWelcomeViewController.h */ = {isa = PBXFileReference; lastKnownFileType = sourcecode.c.h; path = LXWelcomeViewController.h; sourceTree = "<group>"; };
		84DDC1EE24B5C262004F5C57 /* LXWelcomeViewController.m */ = {isa = PBXFileReference; lastKnownFileType = sourcecode.c.objc; path = LXWelcomeViewController.m; sourceTree = "<group>"; };
		84DDC1FB24B803F5004F5C57 /* UIImage+SQAdd.h */ = {isa = PBXFileReference; fileEncoding = 4; lastKnownFileType = sourcecode.c.h; path = "UIImage+SQAdd.h"; sourceTree = "<group>"; };
		84DDC1FC24B803F5004F5C57 /* UIScreen+SQAdd.m */ = {isa = PBXFileReference; fileEncoding = 4; lastKnownFileType = sourcecode.c.objc; path = "UIScreen+SQAdd.m"; sourceTree = "<group>"; };
		84DDC1FD24B803F5004F5C57 /* UITableViewCell+SQAdd.h */ = {isa = PBXFileReference; fileEncoding = 4; lastKnownFileType = sourcecode.c.h; path = "UITableViewCell+SQAdd.h"; sourceTree = "<group>"; };
		84DDC1FE24B803F5004F5C57 /* UIViewController+SQAdd.h */ = {isa = PBXFileReference; fileEncoding = 4; lastKnownFileType = sourcecode.c.h; path = "UIViewController+SQAdd.h"; sourceTree = "<group>"; };
		84DDC1FF24B803F5004F5C57 /* UIControl+SQAdd.h */ = {isa = PBXFileReference; fileEncoding = 4; lastKnownFileType = sourcecode.c.h; path = "UIControl+SQAdd.h"; sourceTree = "<group>"; };
		84DDC20024B803F5004F5C57 /* UIApplication+SQAdd.m */ = {isa = PBXFileReference; fileEncoding = 4; lastKnownFileType = sourcecode.c.objc; path = "UIApplication+SQAdd.m"; sourceTree = "<group>"; };
		84DDC20124B803F5004F5C57 /* UIDevice+SQAdd.m */ = {isa = PBXFileReference; fileEncoding = 4; lastKnownFileType = sourcecode.c.objc; path = "UIDevice+SQAdd.m"; sourceTree = "<group>"; };
		84DDC20224B803F5004F5C57 /* UIGestureRecognizer+SQAdd.m */ = {isa = PBXFileReference; fileEncoding = 4; lastKnownFileType = sourcecode.c.objc; path = "UIGestureRecognizer+SQAdd.m"; sourceTree = "<group>"; };
		84DDC20324B803F5004F5C57 /* UIView+SQAdd.m */ = {isa = PBXFileReference; fileEncoding = 4; lastKnownFileType = sourcecode.c.objc; path = "UIView+SQAdd.m"; sourceTree = "<group>"; };
		84DDC20424B803F5004F5C57 /* UIFont+SQAdd.h */ = {isa = PBXFileReference; fileEncoding = 4; lastKnownFileType = sourcecode.c.h; path = "UIFont+SQAdd.h"; sourceTree = "<group>"; };
		84DDC20524B803F5004F5C57 /* UITextField+SQAdd.m */ = {isa = PBXFileReference; fileEncoding = 4; lastKnownFileType = sourcecode.c.objc; path = "UITextField+SQAdd.m"; sourceTree = "<group>"; };
		84DDC20624B803F5004F5C57 /* UIColor+SQAdd.m */ = {isa = PBXFileReference; fileEncoding = 4; lastKnownFileType = sourcecode.c.objc; path = "UIColor+SQAdd.m"; sourceTree = "<group>"; };
		84DDC20724B803F5004F5C57 /* UIApplication+SQAdd.h */ = {isa = PBXFileReference; fileEncoding = 4; lastKnownFileType = sourcecode.c.h; path = "UIApplication+SQAdd.h"; sourceTree = "<group>"; };
		84DDC20824B803F5004F5C57 /* UIDevice+SQAdd.h */ = {isa = PBXFileReference; fileEncoding = 4; lastKnownFileType = sourcecode.c.h; path = "UIDevice+SQAdd.h"; sourceTree = "<group>"; };
		84DDC20924B803F5004F5C57 /* UIControl+SQAdd.m */ = {isa = PBXFileReference; fileEncoding = 4; lastKnownFileType = sourcecode.c.objc; path = "UIControl+SQAdd.m"; sourceTree = "<group>"; };
		84DDC20A24B803F5004F5C57 /* UIViewController+SQAdd.m */ = {isa = PBXFileReference; fileEncoding = 4; lastKnownFileType = sourcecode.c.objc; path = "UIViewController+SQAdd.m"; sourceTree = "<group>"; };
		84DDC20B24B803F5004F5C57 /* UITableViewCell+SQAdd.m */ = {isa = PBXFileReference; fileEncoding = 4; lastKnownFileType = sourcecode.c.objc; path = "UITableViewCell+SQAdd.m"; sourceTree = "<group>"; };
		84DDC20C24B803F5004F5C57 /* UIScreen+SQAdd.h */ = {isa = PBXFileReference; fileEncoding = 4; lastKnownFileType = sourcecode.c.h; path = "UIScreen+SQAdd.h"; sourceTree = "<group>"; };
		84DDC20D24B803F5004F5C57 /* UIImage+SQAdd.m */ = {isa = PBXFileReference; fileEncoding = 4; lastKnownFileType = sourcecode.c.objc; path = "UIImage+SQAdd.m"; sourceTree = "<group>"; };
		84DDC20E24B803F5004F5C57 /* UIFont+SQAdd.m */ = {isa = PBXFileReference; fileEncoding = 4; lastKnownFileType = sourcecode.c.objc; path = "UIFont+SQAdd.m"; sourceTree = "<group>"; };
		84DDC20F24B803F5004F5C57 /* UIView+SQAdd.h */ = {isa = PBXFileReference; fileEncoding = 4; lastKnownFileType = sourcecode.c.h; path = "UIView+SQAdd.h"; sourceTree = "<group>"; };
		84DDC21024B803F5004F5C57 /* UIGestureRecognizer+SQAdd.h */ = {isa = PBXFileReference; fileEncoding = 4; lastKnownFileType = sourcecode.c.h; path = "UIGestureRecognizer+SQAdd.h"; sourceTree = "<group>"; };
		84DDC21124B803F5004F5C57 /* UITextField+SQAdd.h */ = {isa = PBXFileReference; fileEncoding = 4; lastKnownFileType = sourcecode.c.h; path = "UITextField+SQAdd.h"; sourceTree = "<group>"; };
		84DDC21224B803F5004F5C57 /* UIColor+SQAdd.h */ = {isa = PBXFileReference; fileEncoding = 4; lastKnownFileType = sourcecode.c.h; path = "UIColor+SQAdd.h"; sourceTree = "<group>"; };
		84DDC21424B803F5004F5C57 /* NSString+SQAdd.h */ = {isa = PBXFileReference; fileEncoding = 4; lastKnownFileType = sourcecode.c.h; path = "NSString+SQAdd.h"; sourceTree = "<group>"; };
		84DDC21524B803F5004F5C57 /* NSObject+SQAdd.m */ = {isa = PBXFileReference; fileEncoding = 4; lastKnownFileType = sourcecode.c.objc; path = "NSObject+SQAdd.m"; sourceTree = "<group>"; };
		84DDC21624B803F5004F5C57 /* NSBundle+SQAdd.m */ = {isa = PBXFileReference; fileEncoding = 4; lastKnownFileType = sourcecode.c.objc; path = "NSBundle+SQAdd.m"; sourceTree = "<group>"; };
		84DDC21724B803F5004F5C57 /* NSNotificationCenter+SQAdd.h */ = {isa = PBXFileReference; fileEncoding = 4; lastKnownFileType = sourcecode.c.h; path = "NSNotificationCenter+SQAdd.h"; sourceTree = "<group>"; };
		84DDC21824B803F5004F5C57 /* NSThread+SQAdd.m */ = {isa = PBXFileReference; fileEncoding = 4; lastKnownFileType = sourcecode.c.objc; path = "NSThread+SQAdd.m"; sourceTree = "<group>"; };
		84DDC21924B803F5004F5C57 /* NSDictionary+SQAdd.h */ = {isa = PBXFileReference; fileEncoding = 4; lastKnownFileType = sourcecode.c.h; path = "NSDictionary+SQAdd.h"; sourceTree = "<group>"; };
		84DDC21A24B803F5004F5C57 /* NSKeyedUnarchiver+SQAdd.m */ = {isa = PBXFileReference; fileEncoding = 4; lastKnownFileType = sourcecode.c.objc; path = "NSKeyedUnarchiver+SQAdd.m"; sourceTree = "<group>"; };
		84DDC21B24B803F5004F5C57 /* NSData+SQAdd.m */ = {isa = PBXFileReference; fileEncoding = 4; lastKnownFileType = sourcecode.c.objc; path = "NSData+SQAdd.m"; sourceTree = "<group>"; };
		84DDC21C24B803F5004F5C57 /* NSTimer+SQAdd.h */ = {isa = PBXFileReference; fileEncoding = 4; lastKnownFileType = sourcecode.c.h; path = "NSTimer+SQAdd.h"; sourceTree = "<group>"; };
		84DDC21D24B803F5004F5C57 /* NSArray+SQAdd.m */ = {isa = PBXFileReference; fileEncoding = 4; lastKnownFileType = sourcecode.c.objc; path = "NSArray+SQAdd.m"; sourceTree = "<group>"; };
		84DDC21E24B803F5004F5C57 /* NSNumber+SQAdd.m */ = {isa = PBXFileReference; fileEncoding = 4; lastKnownFileType = sourcecode.c.objc; path = "NSNumber+SQAdd.m"; sourceTree = "<group>"; };
		84DDC21F24B803F5004F5C57 /* NSDate+SQAdd.h */ = {isa = PBXFileReference; fileEncoding = 4; lastKnownFileType = sourcecode.c.h; path = "NSDate+SQAdd.h"; sourceTree = "<group>"; };
		84DDC22024B803F5004F5C57 /* NSNotificationCenter+SQAdd.m */ = {isa = PBXFileReference; fileEncoding = 4; lastKnownFileType = sourcecode.c.objc; path = "NSNotificationCenter+SQAdd.m"; sourceTree = "<group>"; };
		84DDC22124B803F5004F5C57 /* NSBundle+SQAdd.h */ = {isa = PBXFileReference; fileEncoding = 4; lastKnownFileType = sourcecode.c.h; path = "NSBundle+SQAdd.h"; sourceTree = "<group>"; };
		84DDC22224B803F5004F5C57 /* NSString+SQAdd.m */ = {isa = PBXFileReference; fileEncoding = 4; lastKnownFileType = sourcecode.c.objc; path = "NSString+SQAdd.m"; sourceTree = "<group>"; };
		84DDC22324B803F5004F5C57 /* NSObject+SQAdd.h */ = {isa = PBXFileReference; fileEncoding = 4; lastKnownFileType = sourcecode.c.h; path = "NSObject+SQAdd.h"; sourceTree = "<group>"; };
		84DDC22424B803F5004F5C57 /* NSData+SQAdd.h */ = {isa = PBXFileReference; fileEncoding = 4; lastKnownFileType = sourcecode.c.h; path = "NSData+SQAdd.h"; sourceTree = "<group>"; };
		84DDC22524B803F5004F5C57 /* NSKeyedUnarchiver+SQAdd.h */ = {isa = PBXFileReference; fileEncoding = 4; lastKnownFileType = sourcecode.c.h; path = "NSKeyedUnarchiver+SQAdd.h"; sourceTree = "<group>"; };
		84DDC22624B803F5004F5C57 /* NSDictionary+SQAdd.m */ = {isa = PBXFileReference; fileEncoding = 4; lastKnownFileType = sourcecode.c.objc; path = "NSDictionary+SQAdd.m"; sourceTree = "<group>"; };
		84DDC22724B803F5004F5C57 /* NSThread+SQAdd.h */ = {isa = PBXFileReference; fileEncoding = 4; lastKnownFileType = sourcecode.c.h; path = "NSThread+SQAdd.h"; sourceTree = "<group>"; };
		84DDC22824B803F5004F5C57 /* NSNumber+SQAdd.h */ = {isa = PBXFileReference; fileEncoding = 4; lastKnownFileType = sourcecode.c.h; path = "NSNumber+SQAdd.h"; sourceTree = "<group>"; };
		84DDC22924B803F5004F5C57 /* NSArray+SQAdd.h */ = {isa = PBXFileReference; fileEncoding = 4; lastKnownFileType = sourcecode.c.h; path = "NSArray+SQAdd.h"; sourceTree = "<group>"; };
		84DDC22A24B803F5004F5C57 /* NSTimer+SQAdd.m */ = {isa = PBXFileReference; fileEncoding = 4; lastKnownFileType = sourcecode.c.objc; path = "NSTimer+SQAdd.m"; sourceTree = "<group>"; };
		84DDC22B24B803F5004F5C57 /* NSDate+SQAdd.m */ = {isa = PBXFileReference; fileEncoding = 4; lastKnownFileType = sourcecode.c.objc; path = "NSDate+SQAdd.m"; sourceTree = "<group>"; };
		84DDC22C24B803F5004F5C57 /* SQCategoriesMacro.h */ = {isa = PBXFileReference; fileEncoding = 4; lastKnownFileType = sourcecode.c.h; path = SQCategoriesMacro.h; sourceTree = "<group>"; };
		84DDC22E24B803F5004F5C57 /* SQCGUtilities.h */ = {isa = PBXFileReference; fileEncoding = 4; lastKnownFileType = sourcecode.c.h; path = SQCGUtilities.h; sourceTree = "<group>"; };
		84DDC22F24B803F5004F5C57 /* CALayer+SQAdd.m */ = {isa = PBXFileReference; fileEncoding = 4; lastKnownFileType = sourcecode.c.objc; path = "CALayer+SQAdd.m"; sourceTree = "<group>"; };
		84DDC23024B803F5004F5C57 /* SQCGUtilities.m */ = {isa = PBXFileReference; fileEncoding = 4; lastKnownFileType = sourcecode.c.objc; path = SQCGUtilities.m; sourceTree = "<group>"; };
		84DDC23124B803F5004F5C57 /* CALayer+SQAdd.h */ = {isa = PBXFileReference; fileEncoding = 4; lastKnownFileType = sourcecode.c.h; path = "CALayer+SQAdd.h"; sourceTree = "<group>"; };
		84DDC23224B803F5004F5C57 /* SQCategories.h */ = {isa = PBXFileReference; fileEncoding = 4; lastKnownFileType = sourcecode.c.h; path = SQCategories.h; sourceTree = "<group>"; };
		84E6107D24921AEC0019B6BA /* TemperatureProject.app */ = {isa = PBXFileReference; explicitFileType = wrapper.application; includeInIndex = 0; path = TemperatureProject.app; sourceTree = BUILT_PRODUCTS_DIR; };
		84E6108024921AEC0019B6BA /* AppDelegate.h */ = {isa = PBXFileReference; lastKnownFileType = sourcecode.c.h; path = AppDelegate.h; sourceTree = "<group>"; };
		84E6108124921AEC0019B6BA /* AppDelegate.m */ = {isa = PBXFileReference; lastKnownFileType = sourcecode.c.objc; path = AppDelegate.m; sourceTree = "<group>"; };
		84E6108C24921AF20019B6BA /* Assets.xcassets */ = {isa = PBXFileReference; lastKnownFileType = folder.assetcatalog; path = Assets.xcassets; sourceTree = "<group>"; };
		84E6109124921AF20019B6BA /* Info.plist */ = {isa = PBXFileReference; lastKnownFileType = text.plist.xml; path = Info.plist; sourceTree = "<group>"; };
		84E6109224921AF20019B6BA /* main.m */ = {isa = PBXFileReference; lastKnownFileType = sourcecode.c.objc; path = main.m; sourceTree = "<group>"; };
		84E610BE249227F00019B6BA /* LXHomeViewController.h */ = {isa = PBXFileReference; lastKnownFileType = sourcecode.c.h; path = LXHomeViewController.h; sourceTree = "<group>"; };
		84E610BF249227F00019B6BA /* LXHomeViewController.m */ = {isa = PBXFileReference; lastKnownFileType = sourcecode.c.objc; path = LXHomeViewController.m; sourceTree = "<group>"; };
		84E612032493199F0019B6BA /* LXConstant.m */ = {isa = PBXFileReference; lastKnownFileType = sourcecode.c.objc; path = LXConstant.m; sourceTree = "<group>"; };
		84E61205249319BF0019B6BA /* LXConstant.h */ = {isa = PBXFileReference; lastKnownFileType = sourcecode.c.h; path = LXConstant.h; sourceTree = "<group>"; };
		84E6120624931CA00019B6BA /* LXBluetoothManager.h */ = {isa = PBXFileReference; lastKnownFileType = sourcecode.c.h; path = LXBluetoothManager.h; sourceTree = "<group>"; };
		84E6120724931CA00019B6BA /* LXBluetoothManager.m */ = {isa = PBXFileReference; lastKnownFileType = sourcecode.c.objc; path = LXBluetoothManager.m; sourceTree = "<group>"; };
		84E6120D24934DD80019B6BA /* LXPeripheralListView.h */ = {isa = PBXFileReference; lastKnownFileType = sourcecode.c.h; path = LXPeripheralListView.h; sourceTree = "<group>"; };
		84E6120E24934DD80019B6BA /* LXPeripheralListView.m */ = {isa = PBXFileReference; lastKnownFileType = sourcecode.c.objc; path = LXPeripheralListView.m; sourceTree = "<group>"; };
		84E61210249351F70019B6BA /* LXMacro.h */ = {isa = PBXFileReference; lastKnownFileType = sourcecode.c.h; path = LXMacro.h; sourceTree = "<group>"; };
		84E61213249358540019B6BA /* LXTemperature.pch */ = {isa = PBXFileReference; lastKnownFileType = sourcecode.c.h; path = LXTemperature.pch; sourceTree = "<group>"; };
		84E6121424935DF60019B6BA /* LXPeripheralCollectionViewCell.h */ = {isa = PBXFileReference; lastKnownFileType = sourcecode.c.h; path = LXPeripheralCollectionViewCell.h; sourceTree = "<group>"; };
		84E6121524935DF60019B6BA /* LXPeripheralCollectionViewCell.m */ = {isa = PBXFileReference; lastKnownFileType = sourcecode.c.objc; path = LXPeripheralCollectionViewCell.m; sourceTree = "<group>"; };
		84E6121A2497771C0019B6BA /* LXShowDetailViewController.h */ = {isa = PBXFileReference; lastKnownFileType = sourcecode.c.h; path = LXShowDetailViewController.h; sourceTree = "<group>"; };
		84E6121B2497771C0019B6BA /* LXShowDetailViewController.m */ = {isa = PBXFileReference; lastKnownFileType = sourcecode.c.objc; path = LXShowDetailViewController.m; sourceTree = "<group>"; };
		84E6121D24978E940019B6BA /* load.gif */ = {isa = PBXFileReference; lastKnownFileType = image.gif; name = load.gif; path = "../../../../doc/温度/load.gif"; sourceTree = "<group>"; };
		84E6121F2498BB1C0019B6BA /* Tool.h */ = {isa = PBXFileReference; lastKnownFileType = sourcecode.c.h; path = Tool.h; sourceTree = "<group>"; };
		84E612202498BB1C0019B6BA /* Tool.m */ = {isa = PBXFileReference; lastKnownFileType = sourcecode.c.objc; path = Tool.m; sourceTree = "<group>"; };
		84E612222498F4560019B6BA /* LXSetAlarmViewController.h */ = {isa = PBXFileReference; lastKnownFileType = sourcecode.c.h; path = LXSetAlarmViewController.h; sourceTree = "<group>"; };
		84E612232498F4560019B6BA /* LXSetAlarmViewController.m */ = {isa = PBXFileReference; lastKnownFileType = sourcecode.c.objc; path = LXSetAlarmViewController.m; sourceTree = "<group>"; };
		84E6125F249A47DA0019B6BA /* LXCacheManager.h */ = {isa = PBXFileReference; fileEncoding = 4; lastKnownFileType = sourcecode.c.h; path = LXCacheManager.h; sourceTree = "<group>"; };
		84E61260249A47DA0019B6BA /* LXCacheManager.m */ = {isa = PBXFileReference; fileEncoding = 4; lastKnownFileType = sourcecode.c.objc; path = LXCacheManager.m; sourceTree = "<group>"; };
		84E61262249B46590019B6BA /* alarm_d_d.mp3 */ = {isa = PBXFileReference; lastKnownFileType = audio.mp3; path = alarm_d_d.mp3; sourceTree = "<group>"; };
		84E61265249B82E30019B6BA /* LoadingHUDManager.h */ = {isa = PBXFileReference; fileEncoding = 4; lastKnownFileType = sourcecode.c.h; path = LoadingHUDManager.h; sourceTree = "<group>"; };
		84E61267249B82E30019B6BA /* LoadingHUDManager.m */ = {isa = PBXFileReference; fileEncoding = 4; lastKnownFileType = sourcecode.c.objc; path = LoadingHUDManager.m; sourceTree = "<group>"; };
		84F8515F24BEA3BE006AC50A /* zh-Hans */ = {isa = PBXFileReference; lastKnownFileType = text.plist.strings; name = "zh-Hans"; path = "zh-Hans.lproj/Localizable.strings"; sourceTree = "<group>"; };
		84F8516124BEA3BE006AC50A /* zh-Hans */ = {isa = PBXFileReference; lastKnownFileType = text.plist.strings; name = "zh-Hans"; path = "zh-Hans.lproj/InfoPlist.strings"; sourceTree = "<group>"; };
		84F8516224BEA3BE006AC50A /* en */ = {isa = PBXFileReference; lastKnownFileType = text.plist.strings; name = en; path = en.lproj/Localizable.strings; sourceTree = "<group>"; };
		84F8516324BEA3BE006AC50A /* en */ = {isa = PBXFileReference; lastKnownFileType = text.plist.strings; name = en; path = en.lproj/InfoPlist.strings; sourceTree = "<group>"; };
		84F8516724BEA5A3006AC50A /* LXLocalizationServiceModule.h */ = {isa = PBXFileReference; lastKnownFileType = sourcecode.c.h; path = LXLocalizationServiceModule.h; sourceTree = "<group>"; };
		84F8516824BEA5DA006AC50A /* LXLocalizationServiceModule.m */ = {isa = PBXFileReference; lastKnownFileType = sourcecode.c.objc; path = LXLocalizationServiceModule.m; sourceTree = "<group>"; };
		9000B6F833968DAECE5BCAE9 /* Pods-TemperatureProject.debug.xcconfig */ = {isa = PBXFileReference; includeInIndex = 1; lastKnownFileType = text.xcconfig; name = "Pods-TemperatureProject.debug.xcconfig"; path = "Target Support Files/Pods-TemperatureProject/Pods-TemperatureProject.debug.xcconfig"; sourceTree = "<group>"; };
/* End PBXFileReference section */

/* Begin PBXFrameworksBuildPhase section */
		84E6107A24921AEC0019B6BA /* Frameworks */ = {
			isa = PBXFrameworksBuildPhase;
			buildActionMask = 2147483647;
			files = (
				97A232560325C2D0BBA4FF5C /* libPods-TemperatureProject.a in Frameworks */,
			);
			runOnlyForDeploymentPostprocessing = 0;
		};
/* End PBXFrameworksBuildPhase section */

/* Begin PBXGroup section */
		14E09B94170CFA2344FC58A5 /* Frameworks */ = {
			isa = PBXGroup;
			children = (
				425AF8C8F268A312023961ED /* libPods-TemperatureProject.a */,
			);
			name = Frameworks;
			sourceTree = "<group>";
		};
		8402F27924A1F8330039A255 /* Model */ = {
			isa = PBXGroup;
			children = (
				8402F27A24A1F8770039A255 /* LXPeripheral.h */,
				8402F27B24A1F8770039A255 /* LXPeripheral.m */,
				846B1B7F24AB5B460002C8B8 /* LXTemperatureModel.h */,
				846B1B8024AB5B460002C8B8 /* LXTemperatureModel.m */,
			);
			path = Model;
			sourceTree = "<group>";
		};
		8402F29224A36AAB0039A255 /* PrintBeautifulLog */ = {
			isa = PBXGroup;
			children = (
				8402F29324A36AAB0039A255 /* PrintBeautifulLog.h */,
				8402F29424A36AAB0039A255 /* PrintBeautifulLog.m */,
			);
			path = PrintBeautifulLog;
			sourceTree = "<group>";
		};
		8402F2FD24AB27CA0039A255 /* 温度详情 */ = {
			isa = PBXGroup;
			children = (
				8402F2FE24AB27CA0039A255 /* ViewModel */,
				8402F2FF24AB27CA0039A255 /* Controller */,
				8402F30024AB27CA0039A255 /* Model */,
				8402F30124AB27CA0039A255 /* View */,
				8402F30224AB27CA0039A255 /* Service */,
			);
			path = "温度详情";
			sourceTree = "<group>";
		};
		8402F2FE24AB27CA0039A255 /* ViewModel */ = {
			isa = PBXGroup;
			children = (
				8402F30C24AB2E4E0039A255 /* LXShowDetailViewModel.h */,
				8402F30D24AB2E4E0039A255 /* LXShowDetailViewModel.m */,
				846B1B8824AC90D60002C8B8 /* LXLoopTemperatureViewModel.h */,
				846B1B8924AC90D60002C8B8 /* LXLoopTemperatureViewModel.m */,
				846B1B8E24ADD82A0002C8B8 /* LXHistoryTemperatureViewModel.h */,
				846B1B8F24ADD82A0002C8B8 /* LXHistoryTemperatureViewModel.m */,
			);
			path = ViewModel;
			sourceTree = "<group>";
		};
		8402F2FF24AB27CA0039A255 /* Controller */ = {
			isa = PBXGroup;
			children = (
				84E6121A2497771C0019B6BA /* LXShowDetailViewController.h */,
				84E6121B2497771C0019B6BA /* LXShowDetailViewController.m */,
				846B1B8224AC28E80002C8B8 /* LXLoopTemperatureViewController.h */,
				846B1B8324AC28E80002C8B8 /* LXLoopTemperatureViewController.m */,
				846B1B8B24ADB6030002C8B8 /* LXHistoryTemperatureViewController.h */,
				846B1B8C24ADB6030002C8B8 /* LXHistoryTemperatureViewController.m */,
			);
			path = Controller;
			sourceTree = "<group>";
		};
		8402F30024AB27CA0039A255 /* Model */ = {
			isa = PBXGroup;
			children = (
				846B1B9124ADDF7D0002C8B8 /* LXHistoryTemperatureModel.h */,
				846B1B9224ADDF7D0002C8B8 /* LXHistoryTemperatureModel.m */,
			);
			path = Model;
			sourceTree = "<group>";
		};
		8402F30124AB27CA0039A255 /* View */ = {
			isa = PBXGroup;
			children = (
				846B1B9424ADE50A0002C8B8 /* LXHistoryTemperatureTableViewCell.h */,
				846B1B9524ADE50A0002C8B8 /* LXHistoryTemperatureTableViewCell.m */,
			);
			path = View;
			sourceTree = "<group>";
		};
		8402F30224AB27CA0039A255 /* Service */ = {
			isa = PBXGroup;
			children = (
			);
			path = Service;
			sourceTree = "<group>";
		};
		8402F30324AB27CA0039A255 /* 首页 */ = {
			isa = PBXGroup;
			children = (
				8402F30424AB27CA0039A255 /* ViewModel */,
				8402F30524AB27CA0039A255 /* Controller */,
				8402F30624AB27CA0039A255 /* Model */,
				8402F30724AB27CA0039A255 /* View */,
				8402F30824AB27CA0039A255 /* Service */,
			);
			path = "首页";
			sourceTree = "<group>";
		};
		8402F30424AB27CA0039A255 /* ViewModel */ = {
			isa = PBXGroup;
			children = (
				8400592324F393D1002C1542 /* LXHomeViewModel.h */,
				8400592424F393D1002C1542 /* LXHomeViewModel.m */,
			);
			path = ViewModel;
			sourceTree = "<group>";
		};
		8402F30524AB27CA0039A255 /* Controller */ = {
			isa = PBXGroup;
			children = (
				84E610BE249227F00019B6BA /* LXHomeViewController.h */,
				84E610BF249227F00019B6BA /* LXHomeViewController.m */,
			);
			path = Controller;
			sourceTree = "<group>";
		};
		8402F30624AB27CA0039A255 /* Model */ = {
			isa = PBXGroup;
			children = (
			);
			path = Model;
			sourceTree = "<group>";
		};
		8402F30724AB27CA0039A255 /* View */ = {
			isa = PBXGroup;
			children = (
			);
			path = View;
			sourceTree = "<group>";
		};
		8402F30824AB27CA0039A255 /* Service */ = {
			isa = PBXGroup;
			children = (
			);
			path = Service;
			sourceTree = "<group>";
		};
		84AFA79324A0AC9C00EB57FB /* 登录 */ = {
			isa = PBXGroup;
			children = (
				84AFA79824A0AD0600EB57FB /* Controller */,
				84AFA79424A0ACFF00EB57FB /* Model */,
				84AFA79624A0ACFF00EB57FB /* Service */,
				84AFA79724A0ACFF00EB57FB /* View */,
				84AFA79524A0ACFF00EB57FB /* ViewModel */,
			);
			path = "登录";
			sourceTree = "<group>";
		};
		84AFA79424A0ACFF00EB57FB /* Model */ = {
			isa = PBXGroup;
			children = (
				8402F28924A3347D0039A255 /* LXUserRegisterModel.h */,
				8402F28A24A3347D0039A255 /* LXUserRegisterModel.m */,
				846B1B7C24AB35D40002C8B8 /* LXUserTokenModel.h */,
				846B1B7D24AB35D40002C8B8 /* LXUserTokenModel.m */,
			);
			path = Model;
			sourceTree = "<group>";
		};
		84AFA79524A0ACFF00EB57FB /* ViewModel */ = {
			isa = PBXGroup;
			children = (
				84AFA79924A0AD9D00EB57FB /* LXLoginViewModel.h */,
				84AFA79A24A0AD9D00EB57FB /* LXLoginViewModel.m */,
				8402F28624A32B760039A255 /* LXRegisterViewModel.h */,
				8402F28724A32B760039A255 /* LXRegisterViewModel.m */,
				846B1B9724B2D1D60002C8B8 /* LXFindPwdViewModel.h */,
				846B1B9824B2D1D60002C8B8 /* LXFindPwdViewModel.m */,
			);
			path = ViewModel;
			sourceTree = "<group>";
		};
		84AFA79624A0ACFF00EB57FB /* Service */ = {
			isa = PBXGroup;
			children = (
				84AFA79C24A0AE0600EB57FB /* LXLoginDataService.h */,
				84AFA79D24A0AE0600EB57FB /* LXLoginDataService.m */,
			);
			path = Service;
			sourceTree = "<group>";
		};
		84AFA79724A0ACFF00EB57FB /* View */ = {
			isa = PBXGroup;
			children = (
				8402F28324A20EE90039A255 /* LXInputView.h */,
				8402F28424A20EE90039A255 /* LXInputView.m */,
			);
			path = View;
			sourceTree = "<group>";
		};
		84AFA79824A0AD0600EB57FB /* Controller */ = {
			isa = PBXGroup;
			children = (
				84AFA79024A0AC7600EB57FB /* LXLoginViewController.h */,
				84AFA79124A0AC7600EB57FB /* LXLoginViewController.m */,
				8402F28024A20BC00039A255 /* LXRegisterViewController.h */,
				8402F28124A20BC00039A255 /* LXRegisterViewController.m */,
				8402F29624A9E5110039A255 /* LXFindPwdViewController.h */,
				8402F29724A9E5110039A255 /* LXFindPwdViewController.m */,
				84DDC1ED24B5C262004F5C57 /* LXWelcomeViewController.h */,
				84DDC1EE24B5C262004F5C57 /* LXWelcomeViewController.m */,
			);
			path = Controller;
			sourceTree = "<group>";
		};
		84DDC1C224B31B5E004F5C57 /* 设置 */ = {
			isa = PBXGroup;
			children = (
				84DDC1C324B31B5E004F5C57 /* ViewModel */,
				84DDC1C424B31B5E004F5C57 /* Controller */,
				84DDC1C524B31B5E004F5C57 /* Model */,
				84DDC1C624B31B5E004F5C57 /* View */,
				84DDC1C724B31B5E004F5C57 /* Service */,
			);
			path = "设置";
			sourceTree = "<group>";
		};
		84DDC1C324B31B5E004F5C57 /* ViewModel */ = {
			isa = PBXGroup;
			children = (
				84DDC1D524B41B41004F5C57 /* LXUpdateUserNameViewModel.h */,
				84DDC1D624B41B41004F5C57 /* LXUpdateUserNameViewModel.m */,
				84DDC1DE24B48B86004F5C57 /* LXAddGroupViewModel.h */,
				84DDC1DF24B48B86004F5C57 /* LXAddGroupViewModel.m */,
				84DDC1E424B4917D004F5C57 /* LXDeviceListViewModel.h */,
				84DDC1E524B4917D004F5C57 /* LXDeviceListViewModel.m */,
				8494AD5924FCF6490024A46A /* LXGroupListViewModel.h */,
				8494AD5A24FCF6490024A46A /* LXGroupListViewModel.m */,
			);
			path = ViewModel;
			sourceTree = "<group>";
		};
		84DDC1C424B31B5E004F5C57 /* Controller */ = {
			isa = PBXGroup;
			children = (
				84DDC1C824B31BC9004F5C57 /* LXSettingViewController.h */,
				84DDC1C924B31BC9004F5C57 /* LXSettingViewController.m */,
				84DDC1D224B41AF3004F5C57 /* LXUpdateUserNameViewController.h */,
				84DDC1D324B41AF3004F5C57 /* LXUpdateUserNameViewController.m */,
				84DDC1DB24B48592004F5C57 /* LXAddGroupViewController.h */,
				84DDC1DC24B48592004F5C57 /* LXAddGroupViewController.m */,
				84DDC1E124B490A5004F5C57 /* LXDeviceListViewController.h */,
				84DDC1E224B490A5004F5C57 /* LXDeviceListViewController.m */,
				84E612222498F4560019B6BA /* LXSetAlarmViewController.h */,
				84E612232498F4560019B6BA /* LXSetAlarmViewController.m */,
				8494AD5624FCEC0F0024A46A /* LXGroupListViewController.h */,
				8494AD5724FCEC0F0024A46A /* LXGroupListViewController.m */,
			);
			path = Controller;
			sourceTree = "<group>";
		};
		84DDC1C524B31B5E004F5C57 /* Model */ = {
			isa = PBXGroup;
			children = (
				84DDC1CB24B32839004F5C57 /* LXSettingItemModel.h */,
				84DDC1CC24B3283A004F5C57 /* LXSettingItemModel.m */,
				84DDC1E724B497F6004F5C57 /* LXDeviceModel.h */,
				84DDC1E824B497F6004F5C57 /* LXDeviceModel.m */,
				8494AD5C24FCF9780024A46A /* LXGroupItemModel.h */,
				8494AD5D24FCF9780024A46A /* LXGroupItemModel.m */,
			);
			path = Model;
			sourceTree = "<group>";
		};
		84DDC1C624B31B5E004F5C57 /* View */ = {
			isa = PBXGroup;
			children = (
				84DDC1CF24B34EEE004F5C57 /* LXSettingItemTableViewCell.h */,
				84DDC1D024B34EEE004F5C57 /* LXSettingItemTableViewCell.m */,
				84DDC1EA24B4A413004F5C57 /* LXDeviceListTableViewCell.h */,
				84DDC1EB24B4A413004F5C57 /* LXDeviceListTableViewCell.m */,
				8494AD5F24FCFD6B0024A46A /* LXGroupItemTableViewCell.h */,
				8494AD6024FCFD6B0024A46A /* LXGroupItemTableViewCell.m */,
			);
			path = View;
			sourceTree = "<group>";
		};
		84DDC1C724B31B5E004F5C57 /* Service */ = {
			isa = PBXGroup;
			children = (
			);
			path = Service;
			sourceTree = "<group>";
		};
		84DDC1F924B803F5004F5C57 /* SQCategories */ = {
			isa = PBXGroup;
			children = (
				84DDC1FA24B803F5004F5C57 /* UIKit */,
				84DDC21324B803F5004F5C57 /* Foundation */,
				84DDC22C24B803F5004F5C57 /* SQCategoriesMacro.h */,
				84DDC22D24B803F5004F5C57 /* Quartz */,
				84DDC23224B803F5004F5C57 /* SQCategories.h */,
			);
			path = SQCategories;
			sourceTree = "<group>";
		};
		84DDC1FA24B803F5004F5C57 /* UIKit */ = {
			isa = PBXGroup;
			children = (
				84DDC1FB24B803F5004F5C57 /* UIImage+SQAdd.h */,
				84DDC1FC24B803F5004F5C57 /* UIScreen+SQAdd.m */,
				84DDC1FD24B803F5004F5C57 /* UITableViewCell+SQAdd.h */,
				84DDC1FE24B803F5004F5C57 /* UIViewController+SQAdd.h */,
				84DDC1FF24B803F5004F5C57 /* UIControl+SQAdd.h */,
				84DDC20024B803F5004F5C57 /* UIApplication+SQAdd.m */,
				84DDC20124B803F5004F5C57 /* UIDevice+SQAdd.m */,
				84DDC20224B803F5004F5C57 /* UIGestureRecognizer+SQAdd.m */,
				84DDC20324B803F5004F5C57 /* UIView+SQAdd.m */,
				84DDC20424B803F5004F5C57 /* UIFont+SQAdd.h */,
				84DDC20524B803F5004F5C57 /* UITextField+SQAdd.m */,
				84DDC20624B803F5004F5C57 /* UIColor+SQAdd.m */,
				84DDC20724B803F5004F5C57 /* UIApplication+SQAdd.h */,
				84DDC20824B803F5004F5C57 /* UIDevice+SQAdd.h */,
				84DDC20924B803F5004F5C57 /* UIControl+SQAdd.m */,
				84DDC20A24B803F5004F5C57 /* UIViewController+SQAdd.m */,
				84DDC20B24B803F5004F5C57 /* UITableViewCell+SQAdd.m */,
				84DDC20C24B803F5004F5C57 /* UIScreen+SQAdd.h */,
				84DDC20D24B803F5004F5C57 /* UIImage+SQAdd.m */,
				84DDC20E24B803F5004F5C57 /* UIFont+SQAdd.m */,
				84DDC20F24B803F5004F5C57 /* UIView+SQAdd.h */,
				84DDC21024B803F5004F5C57 /* UIGestureRecognizer+SQAdd.h */,
				84DDC21124B803F5004F5C57 /* UITextField+SQAdd.h */,
				84DDC21224B803F5004F5C57 /* UIColor+SQAdd.h */,
			);
			path = UIKit;
			sourceTree = "<group>";
		};
		84DDC21324B803F5004F5C57 /* Foundation */ = {
			isa = PBXGroup;
			children = (
				84DDC21424B803F5004F5C57 /* NSString+SQAdd.h */,
				84DDC21524B803F5004F5C57 /* NSObject+SQAdd.m */,
				84DDC21624B803F5004F5C57 /* NSBundle+SQAdd.m */,
				84DDC21724B803F5004F5C57 /* NSNotificationCenter+SQAdd.h */,
				84DDC21824B803F5004F5C57 /* NSThread+SQAdd.m */,
				84DDC21924B803F5004F5C57 /* NSDictionary+SQAdd.h */,
				84DDC21A24B803F5004F5C57 /* NSKeyedUnarchiver+SQAdd.m */,
				84DDC21B24B803F5004F5C57 /* NSData+SQAdd.m */,
				84DDC21C24B803F5004F5C57 /* NSTimer+SQAdd.h */,
				84DDC21D24B803F5004F5C57 /* NSArray+SQAdd.m */,
				84DDC21E24B803F5004F5C57 /* NSNumber+SQAdd.m */,
				84DDC21F24B803F5004F5C57 /* NSDate+SQAdd.h */,
				84DDC22024B803F5004F5C57 /* NSNotificationCenter+SQAdd.m */,
				84DDC22124B803F5004F5C57 /* NSBundle+SQAdd.h */,
				84DDC22224B803F5004F5C57 /* NSString+SQAdd.m */,
				84DDC22324B803F5004F5C57 /* NSObject+SQAdd.h */,
				84DDC22424B803F5004F5C57 /* NSData+SQAdd.h */,
				84DDC22524B803F5004F5C57 /* NSKeyedUnarchiver+SQAdd.h */,
				84DDC22624B803F5004F5C57 /* NSDictionary+SQAdd.m */,
				84DDC22724B803F5004F5C57 /* NSThread+SQAdd.h */,
				84DDC22824B803F5004F5C57 /* NSNumber+SQAdd.h */,
				84DDC22924B803F5004F5C57 /* NSArray+SQAdd.h */,
				84DDC22A24B803F5004F5C57 /* NSTimer+SQAdd.m */,
				84DDC22B24B803F5004F5C57 /* NSDate+SQAdd.m */,
			);
			path = Foundation;
			sourceTree = "<group>";
		};
		84DDC22D24B803F5004F5C57 /* Quartz */ = {
			isa = PBXGroup;
			children = (
				84DDC22E24B803F5004F5C57 /* SQCGUtilities.h */,
				84DDC22F24B803F5004F5C57 /* CALayer+SQAdd.m */,
				84DDC23024B803F5004F5C57 /* SQCGUtilities.m */,
				84DDC23124B803F5004F5C57 /* CALayer+SQAdd.h */,
			);
			path = Quartz;
			sourceTree = "<group>";
		};
		84E6107424921AEC0019B6BA = {
			isa = PBXGroup;
			children = (
				84E6107F24921AEC0019B6BA /* TemperatureProject */,
				84E6107E24921AEC0019B6BA /* Products */,
				CC99E4C990F2F50ADEEB33CF /* Pods */,
				14E09B94170CFA2344FC58A5 /* Frameworks */,
			);
			sourceTree = "<group>";
		};
		84E6107E24921AEC0019B6BA /* Products */ = {
			isa = PBXGroup;
			children = (
				84E6107D24921AEC0019B6BA /* TemperatureProject.app */,
			);
			name = Products;
			sourceTree = "<group>";
		};
		84E6107F24921AEC0019B6BA /* TemperatureProject */ = {
			isa = PBXGroup;
			children = (
				84DDC1C224B31B5E004F5C57 /* 设置 */,
				84AFA79324A0AC9C00EB57FB /* 登录 */,
				8402F30324AB27CA0039A255 /* 首页 */,
				8402F2FD24AB27CA0039A255 /* 温度详情 */,
				8402F27924A1F8330039A255 /* Model */,
				84E6121724975B330019B6BA /* Resource */,
				84E6120924934D420019B6BA /* View */,
				84E61201249319040019B6BA /* Common */,
				84E6108024921AEC0019B6BA /* AppDelegate.h */,
				84E6108124921AEC0019B6BA /* AppDelegate.m */,
				84E6108C24921AF20019B6BA /* Assets.xcassets */,
				84E6109124921AF20019B6BA /* Info.plist */,
				84E6109224921AF20019B6BA /* main.m */,
			);
			path = TemperatureProject;
			sourceTree = "<group>";
		};
		84E61201249319040019B6BA /* Common */ = {
			isa = PBXGroup;
			children = (
				84F8516624BEA561006AC50A /* Localization */,
				84DDC1F924B803F5004F5C57 /* SQCategories */,
				84E61213249358540019B6BA /* LXTemperature.pch */,
				8402F29224A36AAB0039A255 /* PrintBeautifulLog */,
				84E61264249B82E30019B6BA /* MBProgressHUD */,
				84E6125F249A47DA0019B6BA /* LXCacheManager.h */,
				84E61260249A47DA0019B6BA /* LXCacheManager.m */,
				84E61205249319BF0019B6BA /* LXConstant.h */,
				84E612032493199F0019B6BA /* LXConstant.m */,
				84E6120624931CA00019B6BA /* LXBluetoothManager.h */,
				84E6120724931CA00019B6BA /* LXBluetoothManager.m */,
				84E61210249351F70019B6BA /* LXMacro.h */,
				84E6121F2498BB1C0019B6BA /* Tool.h */,
				84E612202498BB1C0019B6BA /* Tool.m */,
				84AFA78D24A0A9DB00EB57FB /* LXHttpRequest.h */,
				84AFA78E24A0A9DB00EB57FB /* LXHttpRequest.m */,
				8402F28C24A365D60039A255 /* NSDictionary+Log.h */,
				8402F28D24A365D60039A255 /* NSDictionary+Log.m */,
				8402F28F24A366030039A255 /* NSArray+Log.h */,
				8402F29024A366030039A255 /* NSArray+Log.m */,
				846B1B8624AC876E0002C8B8 /* NSDate+SQAdd.h */,
				846B1B8524AC876E0002C8B8 /* NSDate+SQAdd.m */,
				84DDC1CE24B328FF004F5C57 /* LXEnum.h */,
				84DDC1D824B46693004F5C57 /* LXBaseViewController.h */,
				84DDC1D924B46693004F5C57 /* LXBaseViewController.m */,
				8451FA3F24D950720003810D /* LXURLHandler.h */,
				8451FA4024D950720003810D /* LXURLHandler.m */,
				8451FA4224D9522B0003810D /* LXAPI.h */,
				8451FA4324D9522B0003810D /* LXAPI.m */,
				8400592024F35E95002C1542 /* LXDBTool.h */,
				8400592124F35E95002C1542 /* LXDBTool.m */,
			);
			path = Common;
			sourceTree = "<group>";
		};
		84E6120924934D420019B6BA /* View */ = {
			isa = PBXGroup;
			children = (
				84E6120D24934DD80019B6BA /* LXPeripheralListView.h */,
				84E6120E24934DD80019B6BA /* LXPeripheralListView.m */,
				84E6121424935DF60019B6BA /* LXPeripheralCollectionViewCell.h */,
				84E6121524935DF60019B6BA /* LXPeripheralCollectionViewCell.m */,
			);
			path = View;
			sourceTree = "<group>";
		};
		84E6121724975B330019B6BA /* Resource */ = {
			isa = PBXGroup;
			children = (
				84F8515D24BEA3BE006AC50A /* LocalizableFiles */,
				84E6121D24978E940019B6BA /* load.gif */,
				84E61262249B46590019B6BA /* alarm_d_d.mp3 */,
			);
			path = Resource;
			sourceTree = "<group>";
		};
		84E61264249B82E30019B6BA /* MBProgressHUD */ = {
			isa = PBXGroup;
			children = (
				84E61265249B82E30019B6BA /* LoadingHUDManager.h */,
				84E61267249B82E30019B6BA /* LoadingHUDManager.m */,
				8402F2FA24AB11E50039A255 /* LXTostHUD.h */,
				8402F2FB24AB11E50039A255 /* LXTostHUD.m */,
			);
			path = MBProgressHUD;
			sourceTree = "<group>";
		};
		84F8515D24BEA3BE006AC50A /* LocalizableFiles */ = {
			isa = PBXGroup;
			children = (
				84F8515E24BEA3BE006AC50A /* Localizable.strings */,
				84F8516024BEA3BE006AC50A /* InfoPlist.strings */,
			);
			path = LocalizableFiles;
			sourceTree = "<group>";
		};
		84F8516624BEA561006AC50A /* Localization */ = {
			isa = PBXGroup;
			children = (
				84F8516724BEA5A3006AC50A /* LXLocalizationServiceModule.h */,
				84F8516824BEA5DA006AC50A /* LXLocalizationServiceModule.m */,
			);
			path = Localization;
			sourceTree = "<group>";
		};
		CC99E4C990F2F50ADEEB33CF /* Pods */ = {
			isa = PBXGroup;
			children = (
				9000B6F833968DAECE5BCAE9 /* Pods-TemperatureProject.debug.xcconfig */,
				582345F093EB901C6CBF0236 /* Pods-TemperatureProject.release.xcconfig */,
			);
			path = Pods;
			sourceTree = "<group>";
		};
/* End PBXGroup section */

/* Begin PBXNativeTarget section */
		84E6107C24921AEC0019B6BA /* TemperatureProject */ = {
			isa = PBXNativeTarget;
			buildConfigurationList = 84E6109624921AF20019B6BA /* Build configuration list for PBXNativeTarget "TemperatureProject" */;
			buildPhases = (
				BEF79F974AA0429ECDA22E47 /* [CP] Check Pods Manifest.lock */,
				84E6107924921AEC0019B6BA /* Sources */,
				84E6107A24921AEC0019B6BA /* Frameworks */,
				84E6107B24921AEC0019B6BA /* Resources */,
				BB15273D349D6701AA4342EB /* [CP] Copy Pods Resources */,
			);
			buildRules = (
			);
			dependencies = (
			);
			name = TemperatureProject;
			productName = TemperatureProject;
			productReference = 84E6107D24921AEC0019B6BA /* TemperatureProject.app */;
			productType = "com.apple.product-type.application";
		};
/* End PBXNativeTarget section */

/* Begin PBXProject section */
		84E6107524921AEC0019B6BA /* Project object */ = {
			isa = PBXProject;
			attributes = {
				LastUpgradeCheck = 1140;
				ORGANIZATIONNAME = admin;
				TargetAttributes = {
					84E6107C24921AEC0019B6BA = {
						CreatedOnToolsVersion = 11.4.1;
					};
				};
			};
			buildConfigurationList = 84E6107824921AEC0019B6BA /* Build configuration list for PBXProject "TemperatureProject" */;
			compatibilityVersion = "Xcode 9.3";
			developmentRegion = en;
			hasScannedForEncodings = 0;
			knownRegions = (
				en,
				Base,
				"zh-Hans",
			);
			mainGroup = 84E6107424921AEC0019B6BA;
			productRefGroup = 84E6107E24921AEC0019B6BA /* Products */;
			projectDirPath = "";
			projectRoot = "";
			targets = (
				84E6107C24921AEC0019B6BA /* TemperatureProject */,
			);
		};
/* End PBXProject section */

/* Begin PBXResourcesBuildPhase section */
		84E6107B24921AEC0019B6BA /* Resources */ = {
			isa = PBXResourcesBuildPhase;
			buildActionMask = 2147483647;
			files = (
				84E61263249B465A0019B6BA /* alarm_d_d.mp3 in Resources */,
				84F8516424BEA3BE006AC50A /* Localizable.strings in Resources */,
				84E6121E24978E940019B6BA /* load.gif in Resources */,
				84E6108D24921AF20019B6BA /* Assets.xcassets in Resources */,
				84F8516524BEA3BE006AC50A /* InfoPlist.strings in Resources */,
			);
			runOnlyForDeploymentPostprocessing = 0;
		};
/* End PBXResourcesBuildPhase section */

/* Begin PBXShellScriptBuildPhase section */
		BB15273D349D6701AA4342EB /* [CP] Copy Pods Resources */ = {
			isa = PBXShellScriptBuildPhase;
			buildActionMask = 2147483647;
			files = (
			);
			inputFileListPaths = (
				"${PODS_ROOT}/Target Support Files/Pods-TemperatureProject/Pods-TemperatureProject-resources-${CONFIGURATION}-input-files.xcfilelist",
			);
			name = "[CP] Copy Pods Resources";
			outputFileListPaths = (
				"${PODS_ROOT}/Target Support Files/Pods-TemperatureProject/Pods-TemperatureProject-resources-${CONFIGURATION}-output-files.xcfilelist",
			);
			runOnlyForDeploymentPostprocessing = 0;
			shellPath = /bin/sh;
			shellScript = "\"${PODS_ROOT}/Target Support Files/Pods-TemperatureProject/Pods-TemperatureProject-resources.sh\"\n";
			showEnvVarsInLog = 0;
		};
		BEF79F974AA0429ECDA22E47 /* [CP] Check Pods Manifest.lock */ = {
			isa = PBXShellScriptBuildPhase;
			buildActionMask = 2147483647;
			files = (
			);
			inputFileListPaths = (
			);
			inputPaths = (
				"${PODS_PODFILE_DIR_PATH}/Podfile.lock",
				"${PODS_ROOT}/Manifest.lock",
			);
			name = "[CP] Check Pods Manifest.lock";
			outputFileListPaths = (
			);
			outputPaths = (
				"$(DERIVED_FILE_DIR)/Pods-TemperatureProject-checkManifestLockResult.txt",
			);
			runOnlyForDeploymentPostprocessing = 0;
			shellPath = /bin/sh;
			shellScript = "diff \"${PODS_PODFILE_DIR_PATH}/Podfile.lock\" \"${PODS_ROOT}/Manifest.lock\" > /dev/null\nif [ $? != 0 ] ; then\n    # print error to STDERR\n    echo \"error: The sandbox is not in sync with the Podfile.lock. Run 'pod install' or update your CocoaPods installation.\" >&2\n    exit 1\nfi\n# This output is used by Xcode 'outputs' to avoid re-running this script phase.\necho \"SUCCESS\" > \"${SCRIPT_OUTPUT_FILE_0}\"\n";
			showEnvVarsInLog = 0;
		};
/* End PBXShellScriptBuildPhase section */

/* Begin PBXSourcesBuildPhase section */
		84E6107924921AEC0019B6BA /* Sources */ = {
			isa = PBXSourcesBuildPhase;
			buildActionMask = 2147483647;
			files = (
				846B1B8724AC876E0002C8B8 /* NSDate+SQAdd.m in Sources */,
				84DDC23624B803F5004F5C57 /* UIGestureRecognizer+SQAdd.m in Sources */,
				84E6120F24934DD80019B6BA /* LXPeripheralListView.m in Sources */,
				8402F28B24A3347D0039A255 /* LXUserRegisterModel.m in Sources */,
				84DDC1EF24B5C262004F5C57 /* LXWelcomeViewController.m in Sources */,
				846B1B8A24AC90D60002C8B8 /* LXLoopTemperatureViewModel.m in Sources */,
				84DDC24824B803F5004F5C57 /* NSDictionary+SQAdd.m in Sources */,
				8402F27C24A1F8770039A255 /* LXPeripheral.m in Sources */,
				84DDC24C24B803F5004F5C57 /* SQCGUtilities.m in Sources */,
				84DDC23F24B803F5004F5C57 /* NSObject+SQAdd.m in Sources */,
				84DDC24624B803F5004F5C57 /* NSNotificationCenter+SQAdd.m in Sources */,
				846B1B9924B2D1D70002C8B8 /* LXFindPwdViewModel.m in Sources */,
				84DDC24B24B803F5004F5C57 /* CALayer+SQAdd.m in Sources */,
				8400592524F393D1002C1542 /* LXHomeViewModel.m in Sources */,
				84E6120824931CA00019B6BA /* LXBluetoothManager.m in Sources */,
				84DDC1E924B497F6004F5C57 /* LXDeviceModel.m in Sources */,
				84DDC1E324B490A5004F5C57 /* LXDeviceListViewController.m in Sources */,
				8402F28524A20EE90039A255 /* LXInputView.m in Sources */,
				8494AD5E24FCF9780024A46A /* LXGroupItemModel.m in Sources */,
				84DDC1EC24B4A413004F5C57 /* LXDeviceListTableViewCell.m in Sources */,
				84DDC23824B803F5004F5C57 /* UITextField+SQAdd.m in Sources */,
				8494AD6124FCFD6B0024A46A /* LXGroupItemTableViewCell.m in Sources */,
				84DDC24324B803F5004F5C57 /* NSData+SQAdd.m in Sources */,
				84F8516924BEA5DA006AC50A /* LXLocalizationServiceModule.m in Sources */,
				8494AD5824FCEC0F0024A46A /* LXGroupListViewController.m in Sources */,
				84DDC23724B803F5004F5C57 /* UIView+SQAdd.m in Sources */,
				84DDC23D24B803F5004F5C57 /* UIImage+SQAdd.m in Sources */,
				8402F28E24A365D60039A255 /* NSDictionary+Log.m in Sources */,
				84DDC1CD24B3283A004F5C57 /* LXSettingItemModel.m in Sources */,
				8402F29524A36AAB0039A255 /* PrintBeautifulLog.m in Sources */,
				84DDC1D724B41B41004F5C57 /* LXUpdateUserNameViewModel.m in Sources */,
				84DDC23324B803F5004F5C57 /* UIScreen+SQAdd.m in Sources */,
				8402F29124A366040039A255 /* NSArray+Log.m in Sources */,
				846B1B8124AB5B460002C8B8 /* LXTemperatureModel.m in Sources */,
				84DDC24224B803F5004F5C57 /* NSKeyedUnarchiver+SQAdd.m in Sources */,
				84DDC24924B803F5004F5C57 /* NSTimer+SQAdd.m in Sources */,
				846B1B7E24AB35D40002C8B8 /* LXUserTokenModel.m in Sources */,
				84E6108224921AEC0019B6BA /* AppDelegate.m in Sources */,
				846B1B9624ADE50A0002C8B8 /* LXHistoryTemperatureTableViewCell.m in Sources */,
				8402F29824A9E5120039A255 /* LXFindPwdViewController.m in Sources */,
				84AFA78F24A0A9DB00EB57FB /* LXHttpRequest.m in Sources */,
				84AFA79B24A0AD9D00EB57FB /* LXLoginViewModel.m in Sources */,
				84AFA79224A0AC7600EB57FB /* LXLoginViewController.m in Sources */,
				84E6121624935DF60019B6BA /* LXPeripheralCollectionViewCell.m in Sources */,
				8402F28824A32B760039A255 /* LXRegisterViewModel.m in Sources */,
				84DDC1DA24B46693004F5C57 /* LXBaseViewController.m in Sources */,
				8451FA4124D950720003810D /* LXURLHandler.m in Sources */,
				84AFA79E24A0AE0600EB57FB /* LXLoginDataService.m in Sources */,
				8402F28224A20BC00039A255 /* LXRegisterViewController.m in Sources */,
				8400592224F35E95002C1542 /* LXDBTool.m in Sources */,
				84DDC24724B803F5004F5C57 /* NSString+SQAdd.m in Sources */,
				84DDC1E024B48B86004F5C57 /* LXAddGroupViewModel.m in Sources */,
				846B1B9024ADD82A0002C8B8 /* LXHistoryTemperatureViewModel.m in Sources */,
				84DDC23524B803F5004F5C57 /* UIDevice+SQAdd.m in Sources */,
				84E612042493199F0019B6BA /* LXConstant.m in Sources */,
				84DDC23424B803F5004F5C57 /* UIApplication+SQAdd.m in Sources */,
				84E612242498F4570019B6BA /* LXSetAlarmViewController.m in Sources */,
				84DDC1D124B34EEE004F5C57 /* LXSettingItemTableViewCell.m in Sources */,
				8494AD5B24FCF6490024A46A /* LXGroupListViewModel.m in Sources */,
				846B1B8424AC28E90002C8B8 /* LXLoopTemperatureViewController.m in Sources */,
				84DDC24A24B803F5004F5C57 /* NSDate+SQAdd.m in Sources */,
				846B1B8D24ADB6040002C8B8 /* LXHistoryTemperatureViewController.m in Sources */,
				84DDC23B24B803F5004F5C57 /* UIViewController+SQAdd.m in Sources */,
				84E6109324921AF20019B6BA /* main.m in Sources */,
				84E61261249A47DB0019B6BA /* LXCacheManager.m in Sources */,
				8402F30E24AB2E4E0039A255 /* LXShowDetailViewModel.m in Sources */,
				84DDC1CA24B31BC9004F5C57 /* LXSettingViewController.m in Sources */,
				84DDC24124B803F5004F5C57 /* NSThread+SQAdd.m in Sources */,
				8402F2FC24AB11E50039A255 /* LXTostHUD.m in Sources */,
				846B1B9324ADDF7D0002C8B8 /* LXHistoryTemperatureModel.m in Sources */,
				84E612212498BB1D0019B6BA /* Tool.m in Sources */,
				84E6126A249B82E30019B6BA /* LoadingHUDManager.m in Sources */,
				84DDC23A24B803F5004F5C57 /* UIControl+SQAdd.m in Sources */,
				84E6121C2497771C0019B6BA /* LXShowDetailViewController.m in Sources */,
				8451FA4424D9522B0003810D /* LXAPI.m in Sources */,
				84DDC1DD24B48592004F5C57 /* LXAddGroupViewController.m in Sources */,
				84DDC23C24B803F5004F5C57 /* UITableViewCell+SQAdd.m in Sources */,
				84DDC1D424B41AF4004F5C57 /* LXUpdateUserNameViewController.m in Sources */,
				84DDC24424B803F5004F5C57 /* NSArray+SQAdd.m in Sources */,
				84DDC1E624B4917D004F5C57 /* LXDeviceListViewModel.m in Sources */,
				84DDC24524B803F5004F5C57 /* NSNumber+SQAdd.m in Sources */,
				84E610C0249227F00019B6BA /* LXHomeViewController.m in Sources */,
				84DDC23E24B803F5004F5C57 /* UIFont+SQAdd.m in Sources */,
				84DDC24024B803F5004F5C57 /* NSBundle+SQAdd.m in Sources */,
				84DDC23924B803F5004F5C57 /* UIColor+SQAdd.m in Sources */,
			);
			runOnlyForDeploymentPostprocessing = 0;
		};
/* End PBXSourcesBuildPhase section */

/* Begin PBXVariantGroup section */
		84F8515E24BEA3BE006AC50A /* Localizable.strings */ = {
			isa = PBXVariantGroup;
			children = (
				84F8515F24BEA3BE006AC50A /* zh-Hans */,
				84F8516224BEA3BE006AC50A /* en */,
			);
			name = Localizable.strings;
			sourceTree = "<group>";
		};
		84F8516024BEA3BE006AC50A /* InfoPlist.strings */ = {
			isa = PBXVariantGroup;
			children = (
				84F8516124BEA3BE006AC50A /* zh-Hans */,
				84F8516324BEA3BE006AC50A /* en */,
			);
			name = InfoPlist.strings;
			sourceTree = "<group>";
		};
/* End PBXVariantGroup section */

/* Begin XCBuildConfiguration section */
		84E6109424921AF20019B6BA /* Debug */ = {
			isa = XCBuildConfiguration;
			buildSettings = {
				ALWAYS_SEARCH_USER_PATHS = NO;
				CLANG_ANALYZER_NONNULL = YES;
				CLANG_ANALYZER_NUMBER_OBJECT_CONVERSION = YES_AGGRESSIVE;
				CLANG_CXX_LANGUAGE_STANDARD = "gnu++14";
				CLANG_CXX_LIBRARY = "libc++";
				CLANG_ENABLE_MODULES = YES;
				CLANG_ENABLE_OBJC_ARC = YES;
				CLANG_ENABLE_OBJC_WEAK = YES;
				CLANG_WARN_BLOCK_CAPTURE_AUTORELEASING = YES;
				CLANG_WARN_BOOL_CONVERSION = YES;
				CLANG_WARN_COMMA = YES;
				CLANG_WARN_CONSTANT_CONVERSION = YES;
				CLANG_WARN_DEPRECATED_OBJC_IMPLEMENTATIONS = YES;
				CLANG_WARN_DIRECT_OBJC_ISA_USAGE = YES_ERROR;
				CLANG_WARN_DOCUMENTATION_COMMENTS = YES;
				CLANG_WARN_EMPTY_BODY = YES;
				CLANG_WARN_ENUM_CONVERSION = YES;
				CLANG_WARN_INFINITE_RECURSION = YES;
				CLANG_WARN_INT_CONVERSION = YES;
				CLANG_WARN_NON_LITERAL_NULL_CONVERSION = YES;
				CLANG_WARN_OBJC_IMPLICIT_RETAIN_SELF = YES;
				CLANG_WARN_OBJC_LITERAL_CONVERSION = YES;
				CLANG_WARN_OBJC_ROOT_CLASS = YES_ERROR;
				CLANG_WARN_RANGE_LOOP_ANALYSIS = YES;
				CLANG_WARN_STRICT_PROTOTYPES = YES;
				CLANG_WARN_SUSPICIOUS_MOVE = YES;
				CLANG_WARN_UNGUARDED_AVAILABILITY = YES_AGGRESSIVE;
				CLANG_WARN_UNREACHABLE_CODE = YES;
				CLANG_WARN__DUPLICATE_METHOD_MATCH = YES;
				COPY_PHASE_STRIP = NO;
				DEBUG_INFORMATION_FORMAT = dwarf;
				ENABLE_STRICT_OBJC_MSGSEND = YES;
				ENABLE_TESTABILITY = YES;
				GCC_C_LANGUAGE_STANDARD = gnu11;
				GCC_DYNAMIC_NO_PIC = NO;
				GCC_NO_COMMON_BLOCKS = YES;
				GCC_OPTIMIZATION_LEVEL = 0;
				GCC_PREPROCESSOR_DEFINITIONS = (
					"DEBUG=1",
					"$(inherited)",
				);
				GCC_WARN_64_TO_32_BIT_CONVERSION = YES;
				GCC_WARN_ABOUT_RETURN_TYPE = YES_ERROR;
				GCC_WARN_UNDECLARED_SELECTOR = YES;
				GCC_WARN_UNINITIALIZED_AUTOS = YES_AGGRESSIVE;
				GCC_WARN_UNUSED_FUNCTION = YES;
				GCC_WARN_UNUSED_VARIABLE = YES;
				IPHONEOS_DEPLOYMENT_TARGET = 9.0;
				MTL_ENABLE_DEBUG_INFO = INCLUDE_SOURCE;
				MTL_FAST_MATH = YES;
				ONLY_ACTIVE_ARCH = YES;
				SDKROOT = iphoneos;
			};
			name = Debug;
		};
		84E6109524921AF20019B6BA /* Release */ = {
			isa = XCBuildConfiguration;
			buildSettings = {
				ALWAYS_SEARCH_USER_PATHS = NO;
				CLANG_ANALYZER_NONNULL = YES;
				CLANG_ANALYZER_NUMBER_OBJECT_CONVERSION = YES_AGGRESSIVE;
				CLANG_CXX_LANGUAGE_STANDARD = "gnu++14";
				CLANG_CXX_LIBRARY = "libc++";
				CLANG_ENABLE_MODULES = YES;
				CLANG_ENABLE_OBJC_ARC = YES;
				CLANG_ENABLE_OBJC_WEAK = YES;
				CLANG_WARN_BLOCK_CAPTURE_AUTORELEASING = YES;
				CLANG_WARN_BOOL_CONVERSION = YES;
				CLANG_WARN_COMMA = YES;
				CLANG_WARN_CONSTANT_CONVERSION = YES;
				CLANG_WARN_DEPRECATED_OBJC_IMPLEMENTATIONS = YES;
				CLANG_WARN_DIRECT_OBJC_ISA_USAGE = YES_ERROR;
				CLANG_WARN_DOCUMENTATION_COMMENTS = YES;
				CLANG_WARN_EMPTY_BODY = YES;
				CLANG_WARN_ENUM_CONVERSION = YES;
				CLANG_WARN_INFINITE_RECURSION = YES;
				CLANG_WARN_INT_CONVERSION = YES;
				CLANG_WARN_NON_LITERAL_NULL_CONVERSION = YES;
				CLANG_WARN_OBJC_IMPLICIT_RETAIN_SELF = YES;
				CLANG_WARN_OBJC_LITERAL_CONVERSION = YES;
				CLANG_WARN_OBJC_ROOT_CLASS = YES_ERROR;
				CLANG_WARN_RANGE_LOOP_ANALYSIS = YES;
				CLANG_WARN_STRICT_PROTOTYPES = YES;
				CLANG_WARN_SUSPICIOUS_MOVE = YES;
				CLANG_WARN_UNGUARDED_AVAILABILITY = YES_AGGRESSIVE;
				CLANG_WARN_UNREACHABLE_CODE = YES;
				CLANG_WARN__DUPLICATE_METHOD_MATCH = YES;
				COPY_PHASE_STRIP = NO;
				DEBUG_INFORMATION_FORMAT = "dwarf-with-dsym";
				ENABLE_NS_ASSERTIONS = NO;
				ENABLE_STRICT_OBJC_MSGSEND = YES;
				GCC_C_LANGUAGE_STANDARD = gnu11;
				GCC_NO_COMMON_BLOCKS = YES;
				GCC_WARN_64_TO_32_BIT_CONVERSION = YES;
				GCC_WARN_ABOUT_RETURN_TYPE = YES_ERROR;
				GCC_WARN_UNDECLARED_SELECTOR = YES;
				GCC_WARN_UNINITIALIZED_AUTOS = YES_AGGRESSIVE;
				GCC_WARN_UNUSED_FUNCTION = YES;
				GCC_WARN_UNUSED_VARIABLE = YES;
				IPHONEOS_DEPLOYMENT_TARGET = 9.0;
				MTL_ENABLE_DEBUG_INFO = NO;
				MTL_FAST_MATH = YES;
				SDKROOT = iphoneos;
				VALIDATE_PRODUCT = YES;
			};
			name = Release;
		};
		84E6109724921AF20019B6BA /* Debug */ = {
			isa = XCBuildConfiguration;
			baseConfigurationReference = 9000B6F833968DAECE5BCAE9 /* Pods-TemperatureProject.debug.xcconfig */;
			buildSettings = {
				ASSETCATALOG_COMPILER_APPICON_NAME = AppIcon;
				ASSETCATALOG_COMPILER_LAUNCHIMAGE_NAME = LaunchImage;
				CODE_SIGN_STYLE = Automatic;
				CURRENT_PROJECT_VERSION = 10;
				DEVELOPMENT_TEAM = 82YZ6WUAB5;
				GCC_PREFIX_HEADER = "$(SRCROOT)/TemperatureProject/Common/LXTemperature.pch";
				INFOPLIST_FILE = TemperatureProject/Info.plist;
				IPHONEOS_DEPLOYMENT_TARGET = 9.0;
				LD_RUNPATH_SEARCH_PATHS = (
					"$(inherited)",
					"@executable_path/Frameworks",
				);
				MARKETING_VERSION = 1.0.1;
				PRODUCT_BUNDLE_IDENTIFIER = rb.lx.RunbaoTemperature;
				PRODUCT_NAME = "$(TARGET_NAME)";
				TARGETED_DEVICE_FAMILY = 1;
			};
			name = Debug;
		};
		84E6109824921AF20019B6BA /* Release */ = {
			isa = XCBuildConfiguration;
			baseConfigurationReference = 582345F093EB901C6CBF0236 /* Pods-TemperatureProject.release.xcconfig */;
			buildSettings = {
				ASSETCATALOG_COMPILER_APPICON_NAME = AppIcon;
				ASSETCATALOG_COMPILER_LAUNCHIMAGE_NAME = LaunchImage;
				CODE_SIGN_STYLE = Automatic;
				CURRENT_PROJECT_VERSION = 10;
				DEVELOPMENT_TEAM = 82YZ6WUAB5;
				GCC_PREFIX_HEADER = "$(SRCROOT)/TemperatureProject/Common/LXTemperature.pch";
				INFOPLIST_FILE = TemperatureProject/Info.plist;
				IPHONEOS_DEPLOYMENT_TARGET = 9.0;
				LD_RUNPATH_SEARCH_PATHS = (
					"$(inherited)",
					"@executable_path/Frameworks",
				);
				MARKETING_VERSION = 1.0.1;
				PRODUCT_BUNDLE_IDENTIFIER = rb.lx.RunbaoTemperature;
				PRODUCT_NAME = "$(TARGET_NAME)";
				TARGETED_DEVICE_FAMILY = 1;
			};
			name = Release;
		};
/* End XCBuildConfiguration section */

/* Begin XCConfigurationList section */
		84E6107824921AEC0019B6BA /* Build configuration list for PBXProject "TemperatureProject" */ = {
			isa = XCConfigurationList;
			buildConfigurations = (
				84E6109424921AF20019B6BA /* Debug */,
				84E6109524921AF20019B6BA /* Release */,
			);
			defaultConfigurationIsVisible = 0;
			defaultConfigurationName = Release;
		};
		84E6109624921AF20019B6BA /* Build configuration list for PBXNativeTarget "TemperatureProject" */ = {
			isa = XCConfigurationList;
			buildConfigurations = (
				84E6109724921AF20019B6BA /* Debug */,
				84E6109824921AF20019B6BA /* Release */,
			);
			defaultConfigurationIsVisible = 0;
			defaultConfigurationName = Release;
		};
/* End XCConfigurationList section */
	};
	rootObject = 84E6107524921AEC0019B6BA /* Project object */;
}
